{
  "version": 4,
  "terraform_version": "1.7.5",
  "serial": 51,
  "lineage": "e9911389-4291-ef47-ba5c-92867418e108",
  "outputs": {
    "AKS_CLUSTER_ID": {
      "value": "/subscriptions/ccfc5dda-43af-4b5e-8cc2-1dda18f2382e/resourceGroups/eel-38698-aks_rg/providers/Microsoft.ContainerService/managedClusters/eel-38698-aks",
      "type": "string"
    },
    "AKS_CLUSTER_NAME": {
      "value": "eel-38698-aks",
      "type": "string"
    },
    "AKS_RESOURCE_GROUP": {
      "value": "eel-38698-aks_rg",
      "type": "string"
    }
  },
  "resources": [
    {
      "mode": "data",
      "type": "azurerm_client_config",
      "name": "current",
      "provider": "provider[\"registry.terraform.io/hashicorp/azurerm\"]",
      "instances": [
        {
          "schema_version": 0,
          "attributes": {
            "client_id": "d13af33e-da16-4295-822d-09b7d93208fc",
            "id": "Y2xpZW50Q29uZmlncy9jbGllbnRJZD1kMTNhZjMzZS1kYTE2LTQyOTUtODIyZC0wOWI3ZDkzMjA4ZmM7b2JqZWN0SWQ9NDEzZTdkMGMtNDBlYy00NzRhLTkxZGMtMjFkMDRkMTc0NTlmO3N1YnNjcmlwdGlvbklkPWNjZmM1ZGRhLTQzYWYtNGI1ZS04Y2MyLTFkZGExOGYyMzgyZTt0ZW5hbnRJZD0xNmIzYzAxMy1kMzAwLTQ2OGQtYWM2NC03ZWRhMDgyMGI2ZDM=",
            "object_id": "413e7d0c-40ec-474a-91dc-21d04d17459f",
            "subscription_id": "ccfc5dda-43af-4b5e-8cc2-1dda18f2382e",
            "tenant_id": "16b3c013-d300-468d-ac64-7eda0820b6d3",
            "timeouts": null
          },
          "sensitive_attributes": []
        }
      ]
    },
    {
      "mode": "data",
      "type": "azurerm_subscription",
      "name": "current",
      "provider": "provider[\"registry.terraform.io/hashicorp/azurerm\"]",
      "instances": [
        {
          "schema_version": 0,
          "attributes": {
            "display_name": "BJD_Core_Subscription",
            "id": "/subscriptions/ccfc5dda-43af-4b5e-8cc2-1dda18f2382e",
            "location_placement_id": "Internal_2014-09-01",
            "quota_id": "Internal_2014-09-01",
            "spending_limit": "Off",
            "state": "Enabled",
            "subscription_id": "ccfc5dda-43af-4b5e-8cc2-1dda18f2382e",
            "tags": {
              "tag1": "MCAPS-Hybrid-REQ-39016-2022-brdenico",
              "tag2": "Hybrid"
            },
            "tenant_id": "16b3c013-d300-468d-ac64-7eda0820b6d3",
            "timeouts": null
          },
          "sensitive_attributes": []
        }
      ]
    },
    {
      "mode": "data",
      "type": "http",
      "name": "myip",
      "provider": "provider[\"registry.terraform.io/hashicorp/http\"]",
      "instances": [
        {
          "schema_version": 0,
          "attributes": {
            "body": "47.185.138.16\n",
            "ca_cert_pem": null,
            "id": "http://checkip.amazonaws.com/",
            "insecure": null,
            "method": null,
            "request_body": null,
            "request_headers": null,
            "request_timeout_ms": null,
            "response_body": "47.185.138.16\n",
            "response_body_base64": "NDcuMTg1LjEzOC4xNgo=",
            "response_headers": {
              "Connection": "keep-alive",
              "Content-Length": "14",
              "Content-Type": "text/plain;charset=UTF-8",
              "Date": "Thu, 10 Oct 2024 14:06:13 GMT",
              "Server": "nginx",
              "Vary": "Origin, Access-Control-Request-Method, Access-Control-Request-Headers"
            },
            "retry": null,
            "status_code": 200,
            "url": "http://checkip.amazonaws.com/"
          },
          "sensitive_attributes": []
        }
      ]
    },
    {
      "mode": "managed",
      "type": "azurerm_monitor_data_collection_rule_association",
      "name": "container_insights",
      "provider": "provider[\"registry.terraform.io/hashicorp/azurerm\"]",
      "instances": [
        {
          "index_key": 0,
          "schema_version": 0,
          "attributes": {
            "data_collection_endpoint_id": "",
            "data_collection_rule_id": "/subscriptions/ccfc5dda-43af-4b5e-8cc2-1dda18f2382e/resourceGroups/eel-38698-monitor_rg/providers/Microsoft.Insights/dataCollectionRules/eel-38698-container-insights-rules",
            "description": "",
            "id": "/subscriptions/ccfc5dda-43af-4b5e-8cc2-1dda18f2382e/resourceGroups/eel-38698-aks_rg/providers/Microsoft.ContainerService/managedClusters/eel-38698-aks/providers/Microsoft.Insights/dataCollectionRuleAssociations/eel-38698-ama-container-insights-rules-association",
            "name": "eel-38698-ama-container-insights-rules-association",
            "target_resource_id": "/subscriptions/ccfc5dda-43af-4b5e-8cc2-1dda18f2382e/resourceGroups/eel-38698-aks_rg/providers/Microsoft.ContainerService/managedClusters/eel-38698-aks",
            "timeouts": null
          },
          "sensitive_attributes": [],
          "private": "eyJlMmJmYjczMC1lY2FhLTExZTYtOGY4OC0zNDM2M2JjN2M0YzAiOnsiY3JlYXRlIjoxODAwMDAwMDAwMDAwLCJkZWxldGUiOjE4MDAwMDAwMDAwMDAsInJlYWQiOjMwMDAwMDAwMDAwMCwidXBkYXRlIjoxODAwMDAwMDAwMDAwfX0=",
          "dependencies": [
            "data.http.myip",
            "module.azure_monitor.azurerm_log_analytics_workspace.this",
            "module.azure_monitor.azurerm_monitor_data_collection_endpoint.this",
            "module.azure_monitor.azurerm_monitor_data_collection_rule.container_insights",
            "module.azure_monitor.azurerm_monitor_workspace.this",
            "module.azure_monitor.azurerm_resource_group.this",
            "module.cluster.azurerm_kubernetes_cluster.this",
            "module.cluster.azurerm_nat_gateway.this",
            "module.cluster.azurerm_public_ip.this",
            "module.cluster.azurerm_public_ip_prefix.this",
            "module.cluster.azurerm_resource_group.this",
            "module.cluster.azurerm_role_assignment.aks_role_assignemnt_msi",
            "module.cluster.azurerm_role_assignment.aks_role_assignemnt_network",
            "module.cluster.azurerm_subnet.nodes",
            "module.cluster.azurerm_subnet_nat_gateway_association.nodes",
            "module.cluster.azurerm_user_assigned_identity.aks_identity",
            "module.cluster.azurerm_user_assigned_identity.aks_kubelet_identity",
            "module.cluster.azurerm_virtual_network.this",
            "module.cluster.data.azurerm_client_config.current",
            "module.cluster.random_integer.pod_cidr",
            "module.cluster.random_integer.services_cidr",
            "module.cluster.random_integer.vnet_cidr",
            "random_id.this",
            "random_pet.this",
            "tls_private_key.rsa"
          ]
        }
      ]
    },
    {
      "mode": "managed",
      "type": "azurerm_monitor_data_collection_rule_association",
      "name": "this",
      "provider": "provider[\"registry.terraform.io/hashicorp/azurerm\"]",
      "instances": [
        {
          "index_key": 0,
          "schema_version": 0,
          "attributes": {
            "data_collection_endpoint_id": "",
            "data_collection_rule_id": "/subscriptions/ccfc5dda-43af-4b5e-8cc2-1dda18f2382e/resourceGroups/eel-38698-monitor_rg/providers/Microsoft.Insights/dataCollectionRules/eel-38698-ama-datacollection-rules",
            "description": "",
            "id": "/subscriptions/ccfc5dda-43af-4b5e-8cc2-1dda18f2382e/resourceGroups/eel-38698-aks_rg/providers/Microsoft.ContainerService/managedClusters/eel-38698-aks/providers/Microsoft.Insights/dataCollectionRuleAssociations/eel-38698-ama-datacollection-rules-association",
            "name": "eel-38698-ama-datacollection-rules-association",
            "target_resource_id": "/subscriptions/ccfc5dda-43af-4b5e-8cc2-1dda18f2382e/resourceGroups/eel-38698-aks_rg/providers/Microsoft.ContainerService/managedClusters/eel-38698-aks",
            "timeouts": null
          },
          "sensitive_attributes": [],
          "private": "eyJlMmJmYjczMC1lY2FhLTExZTYtOGY4OC0zNDM2M2JjN2M0YzAiOnsiY3JlYXRlIjoxODAwMDAwMDAwMDAwLCJkZWxldGUiOjE4MDAwMDAwMDAwMDAsInJlYWQiOjMwMDAwMDAwMDAwMCwidXBkYXRlIjoxODAwMDAwMDAwMDAwfX0=",
          "dependencies": [
            "data.http.myip",
            "module.azure_monitor.azurerm_application_insights.this",
            "module.azure_monitor.azurerm_dashboard_grafana.this",
            "module.azure_monitor.azurerm_log_analytics_workspace.this",
            "module.azure_monitor.azurerm_monitor_alert_prometheus_rule_group.prometheus_kubernetes_rule_groups",
            "module.azure_monitor.azurerm_monitor_alert_prometheus_rule_group.prometheus_kubernetes_rule_groups_windows",
            "module.azure_monitor.azurerm_monitor_alert_prometheus_rule_group.prometheus_node_recording_rule_group",
            "module.azure_monitor.azurerm_monitor_alert_prometheus_rule_group.prometheus_node_recording_rule_group_windows",
            "module.azure_monitor.azurerm_monitor_alert_prometheus_rule_group.ux_recording_rule_group",
            "module.azure_monitor.azurerm_monitor_alert_prometheus_rule_group.ux_recording_rule_group_windows",
            "module.azure_monitor.azurerm_monitor_data_collection_endpoint.this",
            "module.azure_monitor.azurerm_monitor_data_collection_rule.azuremonitor",
            "module.azure_monitor.azurerm_monitor_data_collection_rule.container_insights",
            "module.azure_monitor.azurerm_monitor_workspace.this",
            "module.azure_monitor.azurerm_resource_group.this",
            "module.azure_monitor.azurerm_role_assignment.grafana_admin",
            "module.azure_monitor.azurerm_role_assignment.grafana_monitoring_data_read",
            "module.azure_monitor.azurerm_role_assignment.grafana_monitoring_read",
            "module.azure_monitor.data.azurerm_client_config.current",
            "module.azure_monitor.data.azurerm_subscription.current",
            "module.cluster.azapi_update_resource.cluster_updates",
            "module.cluster.azurerm_kubernetes_cluster.this",
            "module.cluster.azurerm_monitor_diagnostic_setting.aks",
            "module.cluster.azurerm_nat_gateway.this",
            "module.cluster.azurerm_nat_gateway_public_ip_association.this",
            "module.cluster.azurerm_nat_gateway_public_ip_prefix_association.this",
            "module.cluster.azurerm_network_security_group.this",
            "module.cluster.azurerm_public_ip.this",
            "module.cluster.azurerm_public_ip_prefix.this",
            "module.cluster.azurerm_resource_group.this",
            "module.cluster.azurerm_role_assignment.aks_role_assignemnt_msi",
            "module.cluster.azurerm_role_assignment.aks_role_assignemnt_network",
            "module.cluster.azurerm_subnet.compute",
            "module.cluster.azurerm_subnet.nodes",
            "module.cluster.azurerm_subnet.pe",
            "module.cluster.azurerm_subnet_nat_gateway_association.nodes",
            "module.cluster.azurerm_subnet_nat_gateway_association.pe",
            "module.cluster.azurerm_subnet_nat_gateway_association.this",
            "module.cluster.azurerm_subnet_network_security_group_association.compute",
            "module.cluster.azurerm_subnet_network_security_group_association.nodes",
            "module.cluster.azurerm_subnet_network_security_group_association.pe",
            "module.cluster.azurerm_user_assigned_identity.aks_identity",
            "module.cluster.azurerm_user_assigned_identity.aks_kubelet_identity",
            "module.cluster.azurerm_virtual_network.this",
            "module.cluster.data.azurerm_client_config.current",
            "module.cluster.data.azurerm_kubernetes_service_versions.current",
            "module.cluster.data.azurerm_subscription.current",
            "module.cluster.random_integer.pod_cidr",
            "module.cluster.random_integer.services_cidr",
            "module.cluster.random_integer.vnet_cidr",
            "random_id.this",
            "random_pet.this",
            "tls_private_key.rsa"
          ]
        }
      ]
    },
    {
      "mode": "managed",
      "type": "random_id",
      "name": "this",
      "provider": "provider[\"registry.terraform.io/hashicorp/random\"]",
      "instances": [
        {
          "schema_version": 0,
          "attributes": {
            "b64_std": "lyo=",
            "b64_url": "lyo",
            "byte_length": 2,
            "dec": "38698",
            "hex": "972a",
            "id": "lyo",
            "keepers": null,
            "prefix": null
          },
          "sensitive_attributes": []
        }
      ]
    },
    {
      "mode": "managed",
      "type": "random_pet",
      "name": "this",
      "provider": "provider[\"registry.terraform.io/hashicorp/random\"]",
      "instances": [
        {
          "schema_version": 0,
          "attributes": {
            "id": "eel",
            "keepers": null,
            "length": 1,
            "prefix": null,
            "separator": ""
          },
          "sensitive_attributes": []
        }
      ]
    },
    {
      "mode": "managed",
      "type": "tls_private_key",
      "name": "rsa",
      "provider": "provider[\"registry.terraform.io/hashicorp/tls\"]",
      "instances": [
        {
          "schema_version": 1,
          "attributes": {
            "algorithm": "RSA",
            "ecdsa_curve": "P224",
            "id": "ce4ff05e7cf08b1756b831291cdc813361767cb8",
            "private_key_openssh": "-----BEGIN OPENSSH PRIVATE KEY-----\nb3BlbnNzaC1rZXktdjEAAAAABG5vbmUAAAAEbm9uZQAAAAAAAAABAAACFwAAAAdz\nc2gtcnNhAAAAAwEAAQAAAgEA95awEUSyJV2hKG6BmeCs5yIVxeMekPK2oJndU3BP\ntTAP8TZVhgBfrQB7x1eWEncbi6CdIvLPpsDbVmd47yFjuOmfWffjk8HjuJiWlCLL\nGfd2BgIXqh2/gRPMUEP6fJExKVEMROmIuhKcFxjJ/l6O7q6nA/IYbPfhX+7x7yDY\nb3yusCjZD6IgWzESO7z+gWtZmiB+KjrVi566g7OjbJCmhBey2nFLclao/eNMkU6z\nbDASizmvMuOb5WDCGqmDvrvjElgfMu0Zr+N7gMvOQA5/Bq5cFWJd3rz+Ek81Bxw7\nLcS0deUF9/1LErted3OPgVqYLyWUyNAWfNEixOAkNOZSytp9yBazVKWjjI//9zcJ\nMfbGywCWnxh2d781Qh1HghUmqHpWw6gPGDPQnNmYfuVSppfJ3uLZx3wNVeXIiWYU\nk7Qb/BiU9dywP8/FUBNbeROgfNOSiz4tQXrjnOIzdGK8J5RG+RvAEuHqtZj/kQUV\nV7U1OlQ9GWU3mMXSoAXgiF2v//rfkXGIJvDaSRKhLwWrSW4if3E7wAW9pyP3kWQK\nygCHBCMlaWNHaVKCcZFbDpap4TjYOxI3VGr60Oj7QVVBHWzFkXm6A21PpHJBB10d\n5OkgsB37xf27nUYTvLzHNcKPPZQad1a1HrR1/WMYDbChMgSEw79CZS5b20occaHi\nhBMAAAc44JQ1JuCUNSYAAAAHc3NoLXJzYQAAAgEA95awEUSyJV2hKG6BmeCs5yIV\nxeMekPK2oJndU3BPtTAP8TZVhgBfrQB7x1eWEncbi6CdIvLPpsDbVmd47yFjuOmf\nWffjk8HjuJiWlCLLGfd2BgIXqh2/gRPMUEP6fJExKVEMROmIuhKcFxjJ/l6O7q6n\nA/IYbPfhX+7x7yDYb3yusCjZD6IgWzESO7z+gWtZmiB+KjrVi566g7OjbJCmhBey\n2nFLclao/eNMkU6zbDASizmvMuOb5WDCGqmDvrvjElgfMu0Zr+N7gMvOQA5/Bq5c\nFWJd3rz+Ek81Bxw7LcS0deUF9/1LErted3OPgVqYLyWUyNAWfNEixOAkNOZSytp9\nyBazVKWjjI//9zcJMfbGywCWnxh2d781Qh1HghUmqHpWw6gPGDPQnNmYfuVSppfJ\n3uLZx3wNVeXIiWYUk7Qb/BiU9dywP8/FUBNbeROgfNOSiz4tQXrjnOIzdGK8J5RG\n+RvAEuHqtZj/kQUVV7U1OlQ9GWU3mMXSoAXgiF2v//rfkXGIJvDaSRKhLwWrSW4i\nf3E7wAW9pyP3kWQKygCHBCMlaWNHaVKCcZFbDpap4TjYOxI3VGr60Oj7QVVBHWzF\nkXm6A21PpHJBB10d5OkgsB37xf27nUYTvLzHNcKPPZQad1a1HrR1/WMYDbChMgSE\nw79CZS5b20occaHihBMAAAADAQABAAACAD5TrssKEhaZ9WHqP7Hu/1fIGtcQD7fJ\ngfP4B+FjWo1wJfNBDFKJcYxpnL9X6y2G0mZZ7nTHz0JZNl4P+j+oliQMm9LYNnAR\n1TO5Jd7wy1QkGY/1ouNuTbE+vKZQFpSZMFkIUCBg8cx1ttmRoffo8e5gBSdXIJL9\n67xsuHbMO/AE4Szze4EV/TM3rTFgqGkIDyxflaMn4G4fbTCOXkuMNn72QE4BS07j\nRfNz7uh9eWl4yJJH2TTkW3Bo5TQ1DDdNsSIDEQeO7HJ8v7Bynd8+Rvf1mLTBaIQT\n65nMWrsJflRNOmibWN9O4kE67dMAQlX76mej/Ep5J9AQDcKl8jdm69wqVyHfPvSS\n/Bdi8bMTMBsgcWwlF5osso2UysQBpMuRiTkaDGo9TPf/3bLRSlreEmBQKfJ/EX+T\n/Li0iBNAJYNAv9B6pbjx7+RK+B0nWjOJ2xmh38lX3KoUQbps+22S6jE2CDEUMEMe\nZ0+RrtujDRsbvrh1OYH3Ei9gK2bQPpyTC7mqDSxbtXMegH/rc+pSZ04p3BpmfVJj\nB1v8TKPBn5g4jRC+JKDPQAjJAcHJix8oxWuwxeIovPUf06impc1rOgVvXESIj37R\nyIxVrqzZ9jIMrw48DhCNJQoVwbDOfx6legRUAjPIZ+MQFZI+MojGcB3Yev4BVMfq\nsd6Y165Ejq+BAAABADZj8D2NFb4LmKU64v+IsB9IJBrxYyZSyi7T02ejOjP4TFWp\nKah+68jzDEN4bOHhThHtqYZRa1i99oZF4pejBTy2NaoWYT2HKnxtafjxadT/ni+x\nvexRFJUiqWykFxOXXJKxeBTRYCD24izQzmzUoFemSpWlskUwkujKvPRQcnaG1Jof\nUgpEY8wK81umhxHhR+K7jPVbv6tAsJt6HJi76iQLj/hOaKcmIC4+rSErayc98JoP\nS4Gb5BJO9pOzPd27/J4S9BDCSx3zmwhOfG5QeE5zr6lUcHZ0kNq8A4TAPrAoUIL3\na65LTis8Wv9YpeWKjMrgwluK+NOPIkBIS+aLNCgAAAEBAPwusznEwrpMAMEaHg+L\n6cRI2wka7097DAI3ZT8xV51/fvC/7Yq8+zeE6sh4lFUM+VEdM8Y1eUZCa+KcIVup\nq1/VDCq6frSIFwq1vlbtZH6ZthUcZ2aqetAjDp6z4Vec1hD25+vRkFX4yypJvN7m\nkz0Syi5aR2dKzk8UO7g2OqLTYh30n7QxyhSHteJMXSJGN80vQ/aZiOuzjhofNhUl\n5SoJoSR4k0TsivfZsnsrP4ceR2hdwtVH5YVfej2v1CMcEpBcPIz4MnaXzN52mGF0\ncUmzcU2CQ2pN3XbVOCWSRpz4DxmVGpZX2QMM/AhBAjS9B6474hPt5w4VIYsZ/yvc\n4eEAAAEBAPtWL1w4huc0QS+tHiET+oKs6fApvLDLl9EYqe8shcumYGLN2vXToRWn\nu2SOnMEpnbg5XdoyrgUwSqoAH8o6MYDjNKmTR5ZAtCFhf09i5PGnOvuDtssov0Q/\n6K+Xnf4/MD2ufI8nh8ADc07svQ+r5PLgfM+Mvo47JRvdKY+28+wziDRjyNqi8SRj\nuvG1B2rFa7vKWz+sWYtJZD1CRmsNVW1bgipRnMzwg6gMudJc+8hQKdcoRupOJrsE\nEjQGEHstMbG2k8GGtLvjKfAp2uDs43S063h9Cd2bQdR2H0rlKKy7zgY6YyKPrges\nz0T638Xc1kGqQkX16ZrtHDTHjupijHMAAAAAAQID\n-----END OPENSSH PRIVATE KEY-----\n",
            "private_key_pem": "-----BEGIN RSA PRIVATE KEY-----\nMIIJJwIBAAKCAgEA95awEUSyJV2hKG6BmeCs5yIVxeMekPK2oJndU3BPtTAP8TZV\nhgBfrQB7x1eWEncbi6CdIvLPpsDbVmd47yFjuOmfWffjk8HjuJiWlCLLGfd2BgIX\nqh2/gRPMUEP6fJExKVEMROmIuhKcFxjJ/l6O7q6nA/IYbPfhX+7x7yDYb3yusCjZ\nD6IgWzESO7z+gWtZmiB+KjrVi566g7OjbJCmhBey2nFLclao/eNMkU6zbDASizmv\nMuOb5WDCGqmDvrvjElgfMu0Zr+N7gMvOQA5/Bq5cFWJd3rz+Ek81Bxw7LcS0deUF\n9/1LErted3OPgVqYLyWUyNAWfNEixOAkNOZSytp9yBazVKWjjI//9zcJMfbGywCW\nnxh2d781Qh1HghUmqHpWw6gPGDPQnNmYfuVSppfJ3uLZx3wNVeXIiWYUk7Qb/BiU\n9dywP8/FUBNbeROgfNOSiz4tQXrjnOIzdGK8J5RG+RvAEuHqtZj/kQUVV7U1OlQ9\nGWU3mMXSoAXgiF2v//rfkXGIJvDaSRKhLwWrSW4if3E7wAW9pyP3kWQKygCHBCMl\naWNHaVKCcZFbDpap4TjYOxI3VGr60Oj7QVVBHWzFkXm6A21PpHJBB10d5OkgsB37\nxf27nUYTvLzHNcKPPZQad1a1HrR1/WMYDbChMgSEw79CZS5b20occaHihBMCAwEA\nAQKCAgA+U67LChIWmfVh6j+x7v9XyBrXEA+3yYHz+AfhY1qNcCXzQQxSiXGMaZy/\nV+sthtJmWe50x89CWTZeD/o/qJYkDJvS2DZwEdUzuSXe8MtUJBmP9aLjbk2xPrym\nUBaUmTBZCFAgYPHMdbbZkaH36PHuYAUnVyCS/eu8bLh2zDvwBOEs83uBFf0zN60x\nYKhpCA8sX5WjJ+BuH20wjl5LjDZ+9kBOAUtO40Xzc+7ofXlpeMiSR9k05FtwaOU0\nNQw3TbEiAxEHjuxyfL+wcp3fPkb39Zi0wWiEE+uZzFq7CX5UTTpom1jfTuJBOu3T\nAEJV++pno/xKeSfQEA3CpfI3ZuvcKlch3z70kvwXYvGzEzAbIHFsJReaLLKNlMrE\nAaTLkYk5GgxqPUz3/92y0Upa3hJgUCnyfxF/k/y4tIgTQCWDQL/QeqW48e/kSvgd\nJ1ozidsZod/JV9yqFEG6bPttkuoxNggxFDBDHmdPka7bow0bG764dTmB9xIvYCtm\n0D6ckwu5qg0sW7VzHoB/63PqUmdOKdwaZn1SYwdb/EyjwZ+YOI0QviSgz0AIyQHB\nyYsfKMVrsMXiKLz1H9OopqXNazoFb1xEiI9+0ciMVa6s2fYyDK8OPA4QjSUKFcGw\nzn8epXoEVAIzyGfjEBWSPjKIxnAd2Hr+AVTH6rHemNeuRI6vgQKCAQEA/C6zOcTC\nukwAwRoeD4vpxEjbCRrvT3sMAjdlPzFXnX9+8L/tirz7N4TqyHiUVQz5UR0zxjV5\nRkJr4pwhW6mrX9UMKrp+tIgXCrW+Vu1kfpm2FRxnZqp60CMOnrPhV5zWEPbn69GQ\nVfjLKkm83uaTPRLKLlpHZ0rOTxQ7uDY6otNiHfSftDHKFIe14kxdIkY3zS9D9pmI\n67OOGh82FSXlKgmhJHiTROyK99myeys/hx5HaF3C1UflhV96Pa/UIxwSkFw8jPgy\ndpfM3naYYXRxSbNxTYJDak3ddtU4JZJGnPgPGZUallfZAwz8CEECNL0HrjviE+3n\nDhUhixn/K9zh4QKCAQEA+1YvXDiG5zRBL60eIRP6gqzp8Cm8sMuX0Rip7yyFy6Zg\nYs3a9dOhFae7ZI6cwSmduDld2jKuBTBKqgAfyjoxgOM0qZNHlkC0IWF/T2Lk8ac6\n+4O2yyi/RD/or5ed/j8wPa58jyeHwANzTuy9D6vk8uB8z4y+jjslG90pj7bz7DOI\nNGPI2qLxJGO68bUHasVru8pbP6xZi0lkPUJGaw1VbVuCKlGczPCDqAy50lz7yFAp\n1yhG6k4muwQSNAYQey0xsbaTwYa0u+Mp8Cna4OzjdLTreH0J3ZtB1HYfSuUorLvO\nBjpjIo+uB6zPRPrfxdzWQapCRfXpmu0cNMeO6mKMcwKCAQB1BQqftOETZ6816/Ol\nDSylq5UQTZJc1GFHKgNuZmwcpov2FWmZ5oXARopYCjPyn3mVnTJoOGoVIz9CwWZt\nTXc7mfXyYeXnyfq/OoSfe7sVUCiA9VQ5/MPOj2X6WMgpSpq+9oO6Ft2eNzu3XM4q\ntN4AChcNmVDm6nx/j4kCuw9MfUBbXCc7i5sVGcBZyUuyWtkL+nHUHXy+uuwmzPLg\nr1v+vMcs0FKuOgFmb3t10iTBg1hpYpDFPX6Q/DQSKeQLgrxOhq6GT6nDBD/Jv0iI\neGsVYxIhgF/eFVG+EcTjElR4BFelbF4RA6Ss2Lqe7eOjK1BEFn+a9dsw2rdc/+w7\no1yhAoIBADH5bgtRNgmsyzVWn8IF/e6TwSQ+uEUTBknONKPY33WhzFJ5CguNG995\nbXpOHP8PbkveJDopj456jq4Evk1wir1M8ACzxy0qCmcEwtKfIFSoYsL16pe0r2s7\npeGcLQ8Ls2TgV+YC/yv/w6Ky0djW3fwpBMgj/RO80OEcdZIc151klbWNDbfjZD1P\nEzHSQ/pH7Ob3EnOzqk5WtnazwdqxWQYYhuYxOhNJ03PLq/sW//1RazBb0tXt2ief\nZJsxhX9oehQS8IgvZ6pgPcuCFwJYN9XRz2wyuI52u30qS4iRzieiZBG69FE/7mOa\nSdA2bd4izftahjjw75Udhlk8QL97/t8CggEANmPwPY0VvguYpTri/4iwH0gkGvFj\nJlLKLtPTZ6M6M/hMVakpqH7ryPMMQ3hs4eFOEe2phlFrWL32hkXil6MFPLY1qhZh\nPYcqfG1p+PFp1P+eL7G97FEUlSKpbKQXE5dckrF4FNFgIPbiLNDObNSgV6ZKlaWy\nRTCS6Mq89FBydobUmh9SCkRjzArzW6aHEeFH4ruM9Vu/q0Cwm3ocmLvqJAuP+E5o\npyYgLj6tIStrJz3wmg9LgZvkEk72k7M93bv8nhL0EMJLHfObCE58blB4TnOvqVRw\ndnSQ2rwDhMA+sChQgvdrrktOKzxa/1il5YqMyuDCW4r4048iQEhL5os0KA==\n-----END RSA PRIVATE KEY-----\n",
            "private_key_pem_pkcs8": "-----BEGIN PRIVATE KEY-----\nMIIJQQIBADANBgkqhkiG9w0BAQEFAASCCSswggknAgEAAoICAQD3lrARRLIlXaEo\nboGZ4KznIhXF4x6Q8ragmd1TcE+1MA/xNlWGAF+tAHvHV5YSdxuLoJ0i8s+mwNtW\nZ3jvIWO46Z9Z9+OTweO4mJaUIssZ93YGAheqHb+BE8xQQ/p8kTEpUQxE6Yi6EpwX\nGMn+Xo7urqcD8hhs9+Ff7vHvINhvfK6wKNkPoiBbMRI7vP6Ba1maIH4qOtWLnrqD\ns6NskKaEF7LacUtyVqj940yRTrNsMBKLOa8y45vlYMIaqYO+u+MSWB8y7Rmv43uA\ny85ADn8GrlwVYl3evP4STzUHHDstxLR15QX3/UsSu153c4+BWpgvJZTI0BZ80SLE\n4CQ05lLK2n3IFrNUpaOMj//3Nwkx9sbLAJafGHZ3vzVCHUeCFSaoelbDqA8YM9Cc\n2Zh+5VKml8ne4tnHfA1V5ciJZhSTtBv8GJT13LA/z8VQE1t5E6B805KLPi1BeuOc\n4jN0YrwnlEb5G8AS4eq1mP+RBRVXtTU6VD0ZZTeYxdKgBeCIXa//+t+RcYgm8NpJ\nEqEvBatJbiJ/cTvABb2nI/eRZArKAIcEIyVpY0dpUoJxkVsOlqnhONg7EjdUavrQ\n6PtBVUEdbMWReboDbU+kckEHXR3k6SCwHfvF/budRhO8vMc1wo89lBp3VrUetHX9\nYxgNsKEyBITDv0JlLlvbShxxoeKEEwIDAQABAoICAD5TrssKEhaZ9WHqP7Hu/1fI\nGtcQD7fJgfP4B+FjWo1wJfNBDFKJcYxpnL9X6y2G0mZZ7nTHz0JZNl4P+j+oliQM\nm9LYNnAR1TO5Jd7wy1QkGY/1ouNuTbE+vKZQFpSZMFkIUCBg8cx1ttmRoffo8e5g\nBSdXIJL967xsuHbMO/AE4Szze4EV/TM3rTFgqGkIDyxflaMn4G4fbTCOXkuMNn72\nQE4BS07jRfNz7uh9eWl4yJJH2TTkW3Bo5TQ1DDdNsSIDEQeO7HJ8v7Bynd8+Rvf1\nmLTBaIQT65nMWrsJflRNOmibWN9O4kE67dMAQlX76mej/Ep5J9AQDcKl8jdm69wq\nVyHfPvSS/Bdi8bMTMBsgcWwlF5osso2UysQBpMuRiTkaDGo9TPf/3bLRSlreEmBQ\nKfJ/EX+T/Li0iBNAJYNAv9B6pbjx7+RK+B0nWjOJ2xmh38lX3KoUQbps+22S6jE2\nCDEUMEMeZ0+RrtujDRsbvrh1OYH3Ei9gK2bQPpyTC7mqDSxbtXMegH/rc+pSZ04p\n3BpmfVJjB1v8TKPBn5g4jRC+JKDPQAjJAcHJix8oxWuwxeIovPUf06impc1rOgVv\nXESIj37RyIxVrqzZ9jIMrw48DhCNJQoVwbDOfx6legRUAjPIZ+MQFZI+MojGcB3Y\nev4BVMfqsd6Y165Ejq+BAoIBAQD8LrM5xMK6TADBGh4Pi+nESNsJGu9PewwCN2U/\nMVedf37wv+2KvPs3hOrIeJRVDPlRHTPGNXlGQmvinCFbqatf1Qwqun60iBcKtb5W\n7WR+mbYVHGdmqnrQIw6es+FXnNYQ9ufr0ZBV+MsqSbze5pM9EsouWkdnSs5PFDu4\nNjqi02Id9J+0McoUh7XiTF0iRjfNL0P2mYjrs44aHzYVJeUqCaEkeJNE7Ir32bJ7\nKz+HHkdoXcLVR+WFX3o9r9QjHBKQXDyM+DJ2l8zedphhdHFJs3FNgkNqTd121Tgl\nkkac+A8ZlRqWV9kDDPwIQQI0vQeuO+IT7ecOFSGLGf8r3OHhAoIBAQD7Vi9cOIbn\nNEEvrR4hE/qCrOnwKbywy5fRGKnvLIXLpmBizdr106EVp7tkjpzBKZ24OV3aMq4F\nMEqqAB/KOjGA4zSpk0eWQLQhYX9PYuTxpzr7g7bLKL9EP+ivl53+PzA9rnyPJ4fA\nA3NO7L0Pq+Ty4HzPjL6OOyUb3SmPtvPsM4g0Y8jaovEkY7rxtQdqxWu7yls/rFmL\nSWQ9QkZrDVVtW4IqUZzM8IOoDLnSXPvIUCnXKEbqTia7BBI0BhB7LTGxtpPBhrS7\n4ynwKdrg7ON0tOt4fQndm0HUdh9K5Sisu84GOmMij64HrM9E+t/F3NZBqkJF9ema\n7Rw0x47qYoxzAoIBAHUFCp+04RNnrzXr86UNLKWrlRBNklzUYUcqA25mbBymi/YV\naZnmhcBGilgKM/KfeZWdMmg4ahUjP0LBZm1NdzuZ9fJh5efJ+r86hJ97uxVQKID1\nVDn8w86PZfpYyClKmr72g7oW3Z43O7dcziq03gAKFw2ZUObqfH+PiQK7D0x9QFtc\nJzuLmxUZwFnJS7Ja2Qv6cdQdfL667CbM8uCvW/68xyzQUq46AWZve3XSJMGDWGli\nkMU9fpD8NBIp5AuCvE6GroZPqcMEP8m/SIh4axVjEiGAX94VUb4RxOMSVHgEV6Vs\nXhEDpKzYup7t46MrUEQWf5r12zDat1z/7DujXKECggEAMfluC1E2CazLNVafwgX9\n7pPBJD64RRMGSc40o9jfdaHMUnkKC40b33ltek4c/w9uS94kOimPjnqOrgS+TXCK\nvUzwALPHLSoKZwTC0p8gVKhiwvXql7Svazul4ZwtDwuzZOBX5gL/K//DorLR2Nbd\n/CkEyCP9E7zQ4Rx1khzXnWSVtY0Nt+NkPU8TMdJD+kfs5vcSc7OqTla2drPB2rFZ\nBhiG5jE6E0nTc8ur+xb//VFrMFvS1e3aJ59kmzGFf2h6FBLwiC9nqmA9y4IXAlg3\n1dHPbDK4jna7fSpLiJHOJ6JkEbr0UT/uY5pJ0DZt3iLN+1qGOPDvlR2GWTxAv3v+\n3wKCAQA2Y/A9jRW+C5ilOuL/iLAfSCQa8WMmUsou09Nnozoz+ExVqSmofuvI8wxD\neGzh4U4R7amGUWtYvfaGReKXowU8tjWqFmE9hyp8bWn48WnU/54vsb3sURSVIqls\npBcTl1ySsXgU0WAg9uIs0M5s1KBXpkqVpbJFMJLoyrz0UHJ2htSaH1IKRGPMCvNb\npocR4Ufiu4z1W7+rQLCbehyYu+okC4/4TminJiAuPq0hK2snPfCaD0uBm+QSTvaT\nsz3du/yeEvQQwksd85sITnxuUHhOc6+pVHB2dJDavAOEwD6wKFCC92uuS04rPFr/\nWKXliozK4MJbivjTjyJASEvmizQo\n-----END PRIVATE KEY-----\n",
            "public_key_fingerprint_md5": "3b:35:e5:2b:f2:95:ed:d8:02:63:fb:8a:d4:fa:04:b0",
            "public_key_fingerprint_sha256": "SHA256:NOJ0043Of+QY/bTpXqvSDyKPLyt0lrTkdDZiaAQES70",
            "public_key_openssh": "ssh-rsa AAAAB3NzaC1yc2EAAAADAQABAAACAQD3lrARRLIlXaEoboGZ4KznIhXF4x6Q8ragmd1TcE+1MA/xNlWGAF+tAHvHV5YSdxuLoJ0i8s+mwNtWZ3jvIWO46Z9Z9+OTweO4mJaUIssZ93YGAheqHb+BE8xQQ/p8kTEpUQxE6Yi6EpwXGMn+Xo7urqcD8hhs9+Ff7vHvINhvfK6wKNkPoiBbMRI7vP6Ba1maIH4qOtWLnrqDs6NskKaEF7LacUtyVqj940yRTrNsMBKLOa8y45vlYMIaqYO+u+MSWB8y7Rmv43uAy85ADn8GrlwVYl3evP4STzUHHDstxLR15QX3/UsSu153c4+BWpgvJZTI0BZ80SLE4CQ05lLK2n3IFrNUpaOMj//3Nwkx9sbLAJafGHZ3vzVCHUeCFSaoelbDqA8YM9Cc2Zh+5VKml8ne4tnHfA1V5ciJZhSTtBv8GJT13LA/z8VQE1t5E6B805KLPi1BeuOc4jN0YrwnlEb5G8AS4eq1mP+RBRVXtTU6VD0ZZTeYxdKgBeCIXa//+t+RcYgm8NpJEqEvBatJbiJ/cTvABb2nI/eRZArKAIcEIyVpY0dpUoJxkVsOlqnhONg7EjdUavrQ6PtBVUEdbMWReboDbU+kckEHXR3k6SCwHfvF/budRhO8vMc1wo89lBp3VrUetHX9YxgNsKEyBITDv0JlLlvbShxxoeKEEw==\n",
            "public_key_pem": "-----BEGIN PUBLIC KEY-----\nMIICIjANBgkqhkiG9w0BAQEFAAOCAg8AMIICCgKCAgEA95awEUSyJV2hKG6BmeCs\n5yIVxeMekPK2oJndU3BPtTAP8TZVhgBfrQB7x1eWEncbi6CdIvLPpsDbVmd47yFj\nuOmfWffjk8HjuJiWlCLLGfd2BgIXqh2/gRPMUEP6fJExKVEMROmIuhKcFxjJ/l6O\n7q6nA/IYbPfhX+7x7yDYb3yusCjZD6IgWzESO7z+gWtZmiB+KjrVi566g7OjbJCm\nhBey2nFLclao/eNMkU6zbDASizmvMuOb5WDCGqmDvrvjElgfMu0Zr+N7gMvOQA5/\nBq5cFWJd3rz+Ek81Bxw7LcS0deUF9/1LErted3OPgVqYLyWUyNAWfNEixOAkNOZS\nytp9yBazVKWjjI//9zcJMfbGywCWnxh2d781Qh1HghUmqHpWw6gPGDPQnNmYfuVS\nppfJ3uLZx3wNVeXIiWYUk7Qb/BiU9dywP8/FUBNbeROgfNOSiz4tQXrjnOIzdGK8\nJ5RG+RvAEuHqtZj/kQUVV7U1OlQ9GWU3mMXSoAXgiF2v//rfkXGIJvDaSRKhLwWr\nSW4if3E7wAW9pyP3kWQKygCHBCMlaWNHaVKCcZFbDpap4TjYOxI3VGr60Oj7QVVB\nHWzFkXm6A21PpHJBB10d5OkgsB37xf27nUYTvLzHNcKPPZQad1a1HrR1/WMYDbCh\nMgSEw79CZS5b20occaHihBMCAwEAAQ==\n-----END PUBLIC KEY-----\n",
            "rsa_bits": 4096
          },
          "sensitive_attributes": []
        }
      ]
    },
    {
      "module": "module.azure_monitor",
      "mode": "data",
      "type": "azurerm_client_config",
      "name": "current",
      "provider": "provider[\"registry.terraform.io/hashicorp/azurerm\"]",
      "instances": [
        {
          "schema_version": 0,
          "attributes": {
            "client_id": "d13af33e-da16-4295-822d-09b7d93208fc",
            "id": "Y2xpZW50Q29uZmlncy9jbGllbnRJZD1kMTNhZjMzZS1kYTE2LTQyOTUtODIyZC0wOWI3ZDkzMjA4ZmM7b2JqZWN0SWQ9NDEzZTdkMGMtNDBlYy00NzRhLTkxZGMtMjFkMDRkMTc0NTlmO3N1YnNjcmlwdGlvbklkPWNjZmM1ZGRhLTQzYWYtNGI1ZS04Y2MyLTFkZGExOGYyMzgyZTt0ZW5hbnRJZD0xNmIzYzAxMy1kMzAwLTQ2OGQtYWM2NC03ZWRhMDgyMGI2ZDM=",
            "object_id": "413e7d0c-40ec-474a-91dc-21d04d17459f",
            "subscription_id": "ccfc5dda-43af-4b5e-8cc2-1dda18f2382e",
            "tenant_id": "16b3c013-d300-468d-ac64-7eda0820b6d3",
            "timeouts": null
          },
          "sensitive_attributes": []
        }
      ]
    },
    {
      "module": "module.azure_monitor",
      "mode": "data",
      "type": "azurerm_subscription",
      "name": "current",
      "provider": "provider[\"registry.terraform.io/hashicorp/azurerm\"]",
      "instances": [
        {
          "schema_version": 0,
          "attributes": {
            "display_name": "BJD_Core_Subscription",
            "id": "/subscriptions/ccfc5dda-43af-4b5e-8cc2-1dda18f2382e",
            "location_placement_id": "Internal_2014-09-01",
            "quota_id": "Internal_2014-09-01",
            "spending_limit": "Off",
            "state": "Enabled",
            "subscription_id": "ccfc5dda-43af-4b5e-8cc2-1dda18f2382e",
            "tags": {
              "tag1": "MCAPS-Hybrid-REQ-39016-2022-brdenico",
              "tag2": "Hybrid"
            },
            "tenant_id": "16b3c013-d300-468d-ac64-7eda0820b6d3",
            "timeouts": null
          },
          "sensitive_attributes": []
        }
      ]
    },
    {
      "module": "module.azure_monitor",
      "mode": "managed",
      "type": "azurerm_application_insights",
      "name": "this",
      "provider": "provider[\"registry.terraform.io/hashicorp/azurerm\"]",
      "instances": [
        {
          "schema_version": 2,
          "attributes": {
            "app_id": "ae4fbe5d-c96e-481a-b026-5c27bdc6ca7b",
            "application_type": "web",
            "connection_string": "InstrumentationKey=177ba0af-9f93-44ad-b908-65c098a98549;IngestionEndpoint=https://canadacentral-1.in.applicationinsights.azure.com/;LiveEndpoint=https://canadacentral.livediagnostics.monitor.azure.com/;ApplicationId=ae4fbe5d-c96e-481a-b026-5c27bdc6ca7b",
            "daily_data_cap_in_gb": 100,
            "daily_data_cap_notifications_disabled": false,
            "disable_ip_masking": false,
            "force_customer_storage_for_profiler": false,
            "id": "/subscriptions/ccfc5dda-43af-4b5e-8cc2-1dda18f2382e/resourceGroups/eel-38698-monitor_rg/providers/Microsoft.Insights/components/eel-38698-appinsights",
            "instrumentation_key": "177ba0af-9f93-44ad-b908-65c098a98549",
            "internet_ingestion_enabled": true,
            "internet_query_enabled": true,
            "local_authentication_disabled": false,
            "location": "canadacentral",
            "name": "eel-38698-appinsights",
            "resource_group_name": "eel-38698-monitor_rg",
            "retention_in_days": 90,
            "sampling_percentage": 100,
            "tags": null,
            "timeouts": null,
            "workspace_id": "/subscriptions/ccfc5dda-43af-4b5e-8cc2-1dda18f2382e/resourceGroups/eel-38698-monitor_rg/providers/Microsoft.OperationalInsights/workspaces/eel-38698-logs"
          },
          "sensitive_attributes": [],
          "private": "eyJlMmJmYjczMC1lY2FhLTExZTYtOGY4OC0zNDM2M2JjN2M0YzAiOnsiY3JlYXRlIjozNjAwMDAwMDAwMDAwLCJkZWxldGUiOjE4MDAwMDAwMDAwMDAsInJlYWQiOjMwMDAwMDAwMDAwMCwidXBkYXRlIjoxODAwMDAwMDAwMDAwfSwic2NoZW1hX3ZlcnNpb24iOiIyIn0=",
          "dependencies": [
            "module.azure_monitor.azurerm_log_analytics_workspace.this",
            "module.azure_monitor.azurerm_resource_group.this",
            "random_id.this",
            "random_pet.this"
          ]
        }
      ]
    },
    {
      "module": "module.azure_monitor",
      "mode": "managed",
      "type": "azurerm_dashboard_grafana",
      "name": "this",
      "provider": "provider[\"registry.terraform.io/hashicorp/azurerm\"]",
      "instances": [
        {
          "index_key": 0,
          "schema_version": 0,
          "attributes": {
            "api_key_enabled": true,
            "auto_generated_domain_name_label_scope": "TenantReuse",
            "azure_monitor_workspace_integrations": [
              {
                "resource_id": "/subscriptions/ccfc5dda-43af-4b5e-8cc2-1dda18f2382e/resourceGroups/eel-38698-monitor_rg/providers/Microsoft.Monitor/accounts/eel-38698-prometheus"
              }
            ],
            "deterministic_outbound_ip_enabled": true,
            "endpoint": "https://eel-38698-grafana-c3anhrfahvcng0ft.cca.grafana.azure.com",
            "grafana_major_version": "10",
            "grafana_version": "10.4.7",
            "id": "/subscriptions/ccfc5dda-43af-4b5e-8cc2-1dda18f2382e/resourceGroups/eel-38698-monitor_rg/providers/Microsoft.Dashboard/grafana/eel-38698-grafana",
            "identity": [
              {
                "identity_ids": null,
                "principal_id": "73319981-459e-4395-a5e1-0d2ab8e528d4",
                "tenant_id": "16b3c013-d300-468d-ac64-7eda0820b6d3",
                "type": "SystemAssigned"
              }
            ],
            "location": "canadacentral",
            "name": "eel-38698-grafana",
            "outbound_ip": [
              "4.205.225.174",
              "4.206.92.129"
            ],
            "public_network_access_enabled": true,
            "resource_group_name": "eel-38698-monitor_rg",
            "sku": "Standard",
            "smtp": [],
            "tags": null,
            "timeouts": null,
            "zone_redundancy_enabled": false
          },
          "sensitive_attributes": [],
          "private": "eyJlMmJmYjczMC1lY2FhLTExZTYtOGY4OC0zNDM2M2JjN2M0YzAiOnsiY3JlYXRlIjoxODAwMDAwMDAwMDAwLCJkZWxldGUiOjE4MDAwMDAwMDAwMDAsInJlYWQiOjMwMDAwMDAwMDAwMCwidXBkYXRlIjoxODAwMDAwMDAwMDAwfX0=",
          "dependencies": [
            "module.azure_monitor.azurerm_monitor_workspace.this",
            "module.azure_monitor.azurerm_resource_group.this",
            "random_id.this",
            "random_pet.this"
          ]
        }
      ]
    },
    {
      "module": "module.azure_monitor",
      "mode": "managed",
      "type": "azurerm_log_analytics_workspace",
      "name": "this",
      "provider": "provider[\"registry.terraform.io/hashicorp/azurerm\"]",
      "instances": [
        {
          "schema_version": 3,
          "attributes": {
            "allow_resource_only_permissions": true,
            "cmk_for_query_forced": false,
            "daily_quota_gb": 5,
            "data_collection_rule_id": "",
            "id": "/subscriptions/ccfc5dda-43af-4b5e-8cc2-1dda18f2382e/resourceGroups/eel-38698-monitor_rg/providers/Microsoft.OperationalInsights/workspaces/eel-38698-logs",
            "identity": [],
            "immediate_data_purge_on_30_days_enabled": false,
            "internet_ingestion_enabled": true,
            "internet_query_enabled": true,
            "local_authentication_disabled": false,
            "location": "canadacentral",
            "name": "eel-38698-logs",
            "primary_shared_key": "9TZMiMtAf2yCskBULpBxINxBUehF6SeYN2bAkv5PnY41KLLGhzQPlghVxCYUHiXm31rUqoo+nKBREc+Vh4aepg==",
            "reservation_capacity_in_gb_per_day": null,
            "resource_group_name": "eel-38698-monitor_rg",
            "retention_in_days": 30,
            "secondary_shared_key": "f7CKyaBHwWXV/OEtuur4R6T6DEpvz743Q1UmLjlOTeUJL9J4ccjuuhx342aRLA0fiksOkX2te6/bn+9VItsJxQ==",
            "sku": "PerGB2018",
            "tags": null,
            "timeouts": null,
            "workspace_id": "e96930e7-2f55-40ec-b040-747ae2acc221"
          },
          "sensitive_attributes": [],
          "private": "eyJlMmJmYjczMC1lY2FhLTExZTYtOGY4OC0zNDM2M2JjN2M0YzAiOnsiY3JlYXRlIjoxODAwMDAwMDAwMDAwLCJkZWxldGUiOjE4MDAwMDAwMDAwMDAsInJlYWQiOjMwMDAwMDAwMDAwMCwidXBkYXRlIjoxODAwMDAwMDAwMDAwfSwic2NoZW1hX3ZlcnNpb24iOiIzIn0=",
          "dependencies": [
            "module.azure_monitor.azurerm_resource_group.this",
            "random_id.this",
            "random_pet.this"
          ]
        }
      ]
    },
    {
      "module": "module.azure_monitor",
      "mode": "managed",
      "type": "azurerm_monitor_alert_prometheus_rule_group",
      "name": "prometheus_kubernetes_rule_groups",
      "provider": "provider[\"registry.terraform.io/hashicorp/azurerm\"]",
      "instances": [
        {
          "index_key": 0,
          "schema_version": 0,
          "attributes": {
            "cluster_name": "",
            "description": "",
            "id": "/subscriptions/ccfc5dda-43af-4b5e-8cc2-1dda18f2382e/resourceGroups/eel-38698-monitor_rg/providers/Microsoft.AlertsManagement/prometheusRuleGroups/eel-38698-KubernetesRecordingRuleGroup",
            "interval": "PT1M",
            "location": "canadacentral",
            "name": "eel-38698-KubernetesRecordingRuleGroup",
            "resource_group_name": "eel-38698-monitor_rg",
            "rule": [
              {
                "action": [],
                "alert": "",
                "alert_resolution": [],
                "annotations": null,
                "enabled": true,
                "expression": "sum by (cluster, namespace, pod, container) (  irate(container_cpu_usage_seconds_total{job=\"cadvisor\", image!=\"\"}[5m])) * on (cluster, namespace, pod) group_left(node) topk by (cluster, namespace, pod) (  1, max by(cluster, namespace, pod, node) (kube_pod_info{node!=\"\"}))",
                "for": "",
                "labels": null,
                "record": "node_namespace_pod_container:container_cpu_usage_seconds_total:sum_irate",
                "severity": 0
              },
              {
                "action": [],
                "alert": "",
                "alert_resolution": [],
                "annotations": null,
                "enabled": true,
                "expression": "container_memory_working_set_bytes{job=\"cadvisor\", image!=\"\"}* on (namespace, pod) group_left(node) topk by(namespace, pod) (1,  max by(namespace, pod, node) (kube_pod_info{node!=\"\"}))",
                "for": "",
                "labels": null,
                "record": "node_namespace_pod_container:container_memory_working_set_bytes",
                "severity": 0
              },
              {
                "action": [],
                "alert": "",
                "alert_resolution": [],
                "annotations": null,
                "enabled": true,
                "expression": "container_memory_rss{job=\"cadvisor\", image!=\"\"}* on (namespace, pod) group_left(node) topk by(namespace, pod) (1,  max by(namespace, pod, node) (kube_pod_info{node!=\"\"}))",
                "for": "",
                "labels": null,
                "record": "node_namespace_pod_container:container_memory_rss",
                "severity": 0
              },
              {
                "action": [],
                "alert": "",
                "alert_resolution": [],
                "annotations": null,
                "enabled": true,
                "expression": "container_memory_cache{job=\"cadvisor\", image!=\"\"}* on (namespace, pod) group_left(node) topk by(namespace, pod) (1,  max by(namespace, pod, node) (kube_pod_info{node!=\"\"}))",
                "for": "",
                "labels": null,
                "record": "node_namespace_pod_container:container_memory_cache",
                "severity": 0
              },
              {
                "action": [],
                "alert": "",
                "alert_resolution": [],
                "annotations": null,
                "enabled": true,
                "expression": "container_memory_swap{job=\"cadvisor\", image!=\"\"}* on (namespace, pod) group_left(node) topk by(namespace, pod) (1,  max by(namespace, pod, node) (kube_pod_info{node!=\"\"}))",
                "for": "",
                "labels": null,
                "record": "node_namespace_pod_container:container_memory_swap",
                "severity": 0
              },
              {
                "action": [],
                "alert": "",
                "alert_resolution": [],
                "annotations": null,
                "enabled": true,
                "expression": "kube_pod_container_resource_requests{resource=\"memory\",job=\"kube-state-metrics\"}  * on (namespace, pod, cluster)group_left() max by (namespace, pod, cluster) (  (kube_pod_status_phase{phase=~\"Pending|Running\"} == 1))",
                "for": "",
                "labels": null,
                "record": "cluster:namespace:pod_memory:active:kube_pod_container_resource_requests",
                "severity": 0
              },
              {
                "action": [],
                "alert": "",
                "alert_resolution": [],
                "annotations": null,
                "enabled": true,
                "expression": "sum by (namespace, cluster) (    sum by (namespace, pod, cluster) (        max by (namespace, pod, container, cluster) (          kube_pod_container_resource_requests{resource=\"memory\",job=\"kube-state-metrics\"}        ) * on(namespace, pod, cluster) group_left() max by (namespace, pod, cluster) (          kube_pod_status_phase{phase=~\"Pending|Running\"} == 1        )    ))",
                "for": "",
                "labels": null,
                "record": "namespace_memory:kube_pod_container_resource_requests:sum",
                "severity": 0
              },
              {
                "action": [],
                "alert": "",
                "alert_resolution": [],
                "annotations": null,
                "enabled": true,
                "expression": "kube_pod_container_resource_requests{resource=\"cpu\",job=\"kube-state-metrics\"}  * on (namespace, pod, cluster)group_left() max by (namespace, pod, cluster) (  (kube_pod_status_phase{phase=~\"Pending|Running\"} == 1))",
                "for": "",
                "labels": null,
                "record": "cluster:namespace:pod_cpu:active:kube_pod_container_resource_requests",
                "severity": 0
              },
              {
                "action": [],
                "alert": "",
                "alert_resolution": [],
                "annotations": null,
                "enabled": true,
                "expression": "sum by (namespace, cluster) (    sum by (namespace, pod, cluster) (        max by (namespace, pod, container, cluster) (          kube_pod_container_resource_requests{resource=\"cpu\",job=\"kube-state-metrics\"}        ) * on(namespace, pod, cluster) group_left() max by (namespace, pod, cluster) (          kube_pod_status_phase{phase=~\"Pending|Running\"} == 1        )    ))",
                "for": "",
                "labels": null,
                "record": "namespace_cpu:kube_pod_container_resource_requests:sum",
                "severity": 0
              },
              {
                "action": [],
                "alert": "",
                "alert_resolution": [],
                "annotations": null,
                "enabled": true,
                "expression": "kube_pod_container_resource_limits{resource=\"memory\",job=\"kube-state-metrics\"}  * on (namespace, pod, cluster)group_left() max by (namespace, pod, cluster) (  (kube_pod_status_phase{phase=~\"Pending|Running\"} == 1))",
                "for": "",
                "labels": null,
                "record": "cluster:namespace:pod_memory:active:kube_pod_container_resource_limits",
                "severity": 0
              },
              {
                "action": [],
                "alert": "",
                "alert_resolution": [],
                "annotations": null,
                "enabled": true,
                "expression": "sum by (namespace, cluster) (    sum by (namespace, pod, cluster) (        max by (namespace, pod, container, cluster) (          kube_pod_container_resource_limits{resource=\"memory\",job=\"kube-state-metrics\"}        ) * on(namespace, pod, cluster) group_left() max by (namespace, pod, cluster) (          kube_pod_status_phase{phase=~\"Pending|Running\"} == 1        )    ))",
                "for": "",
                "labels": null,
                "record": "namespace_memory:kube_pod_container_resource_limits:sum",
                "severity": 0
              },
              {
                "action": [],
                "alert": "",
                "alert_resolution": [],
                "annotations": null,
                "enabled": true,
                "expression": "kube_pod_container_resource_limits{resource=\"cpu\",job=\"kube-state-metrics\"}  * on (namespace, pod, cluster)group_left() max by (namespace, pod, cluster) ( (kube_pod_status_phase{phase=~\"Pending|Running\"} == 1) )",
                "for": "",
                "labels": null,
                "record": "cluster:namespace:pod_cpu:active:kube_pod_container_resource_limits",
                "severity": 0
              },
              {
                "action": [],
                "alert": "",
                "alert_resolution": [],
                "annotations": null,
                "enabled": true,
                "expression": "sum by (namespace, cluster) (    sum by (namespace, pod, cluster) (        max by (namespace, pod, container, cluster) (          kube_pod_container_resource_limits{resource=\"cpu\",job=\"kube-state-metrics\"}        ) * on(namespace, pod, cluster) group_left() max by (namespace, pod, cluster) (          kube_pod_status_phase{phase=~\"Pending|Running\"} == 1        )    ))",
                "for": "",
                "labels": null,
                "record": "namespace_cpu:kube_pod_container_resource_limits:sum",
                "severity": 0
              },
              {
                "action": [],
                "alert": "",
                "alert_resolution": [],
                "annotations": null,
                "enabled": true,
                "expression": "max by (cluster, namespace, workload, pod) (  label_replace(    label_replace(      kube_pod_owner{job=\"kube-state-metrics\", owner_kind=\"ReplicaSet\"},      \"replicaset\", \"$1\", \"owner_name\", \"(.*)\"    ) * on(replicaset, namespace) group_left(owner_name) topk by(replicaset, namespace) (      1, max by (replicaset, namespace, owner_name) (        kube_replicaset_owner{job=\"kube-state-metrics\"}      )    ),    \"workload\", \"$1\", \"owner_name\", \"(.*)\"  ))",
                "for": "",
                "labels": {
                  "workload_type": "deployment"
                },
                "record": "namespace_workload_pod:kube_pod_owner:relabel",
                "severity": 0
              },
              {
                "action": [],
                "alert": "",
                "alert_resolution": [],
                "annotations": null,
                "enabled": true,
                "expression": "max by (cluster, namespace, workload, pod) (  label_replace(    kube_pod_owner{job=\"kube-state-metrics\", owner_kind=\"DaemonSet\"},    \"workload\", \"$1\", \"owner_name\", \"(.*)\"  ))",
                "for": "",
                "labels": {
                  "workload_type": "daemonset"
                },
                "record": "namespace_workload_pod:kube_pod_owner:relabel",
                "severity": 0
              },
              {
                "action": [],
                "alert": "",
                "alert_resolution": [],
                "annotations": null,
                "enabled": true,
                "expression": "max by (cluster, namespace, workload, pod) (  label_replace(    kube_pod_owner{job=\"kube-state-metrics\", owner_kind=\"StatefulSet\"},    \"workload\", \"$1\", \"owner_name\", \"(.*)\"  ))",
                "for": "",
                "labels": {
                  "workload_type": "statefulset"
                },
                "record": "namespace_workload_pod:kube_pod_owner:relabel",
                "severity": 0
              },
              {
                "action": [],
                "alert": "",
                "alert_resolution": [],
                "annotations": null,
                "enabled": true,
                "expression": "max by (cluster, namespace, workload, pod) (  label_replace(    kube_pod_owner{job=\"kube-state-metrics\", owner_kind=\"Job\"},    \"workload\", \"$1\", \"owner_name\", \"(.*)\"  ))",
                "for": "",
                "labels": {
                  "workload_type": "job"
                },
                "record": "namespace_workload_pod:kube_pod_owner:relabel",
                "severity": 0
              },
              {
                "action": [],
                "alert": "",
                "alert_resolution": [],
                "annotations": null,
                "enabled": true,
                "expression": "sum(  node_memory_MemAvailable_bytes{job=\"node\"} or  (    node_memory_Buffers_bytes{job=\"node\"} +    node_memory_Cached_bytes{job=\"node\"} +    node_memory_MemFree_bytes{job=\"node\"} +    node_memory_Slab_bytes{job=\"node\"}  )) by (cluster)",
                "for": "",
                "labels": null,
                "record": ":node_memory_MemAvailable_bytes:sum",
                "severity": 0
              },
              {
                "action": [],
                "alert": "",
                "alert_resolution": [],
                "annotations": null,
                "enabled": true,
                "expression": "sum(rate(node_cpu_seconds_total{job=\"node\",mode!=\"idle\",mode!=\"iowait\",mode!=\"steal\"}[5m])) by (cluster) /count(sum(node_cpu_seconds_total{job=\"node\"}) by (cluster, instance, cpu)) by (cluster)",
                "for": "",
                "labels": null,
                "record": "cluster:node_cpu:ratio_rate5m",
                "severity": 0
              }
            ],
            "rule_group_enabled": true,
            "scopes": [
              "/subscriptions/ccfc5dda-43af-4b5e-8cc2-1dda18f2382e/resourceGroups/eel-38698-monitor_rg/providers/Microsoft.Monitor/accounts/eel-38698-prometheus"
            ],
            "tags": null,
            "timeouts": null
          },
          "sensitive_attributes": [],
          "private": "eyJlMmJmYjczMC1lY2FhLTExZTYtOGY4OC0zNDM2M2JjN2M0YzAiOnsiY3JlYXRlIjoxODAwMDAwMDAwMDAwLCJkZWxldGUiOjE4MDAwMDAwMDAwMDAsInJlYWQiOjMwMDAwMDAwMDAwMCwidXBkYXRlIjoxODAwMDAwMDAwMDAwfX0=",
          "dependencies": [
            "module.azure_monitor.azurerm_monitor_workspace.this",
            "module.azure_monitor.azurerm_resource_group.this",
            "random_id.this",
            "random_pet.this"
          ]
        }
      ]
    },
    {
      "module": "module.azure_monitor",
      "mode": "managed",
      "type": "azurerm_monitor_alert_prometheus_rule_group",
      "name": "prometheus_kubernetes_rule_groups_windows",
      "provider": "provider[\"registry.terraform.io/hashicorp/azurerm\"]",
      "instances": [
        {
          "index_key": 0,
          "schema_version": 0,
          "attributes": {
            "cluster_name": "",
            "description": "",
            "id": "/subscriptions/ccfc5dda-43af-4b5e-8cc2-1dda18f2382e/resourceGroups/eel-38698-monitor_rg/providers/Microsoft.AlertsManagement/prometheusRuleGroups/eel-38698-KubernetesRecordingRuleGroup-Windows",
            "interval": "PT1M",
            "location": "canadacentral",
            "name": "eel-38698-KubernetesRecordingRuleGroup-Windows",
            "resource_group_name": "eel-38698-monitor_rg",
            "rule": [
              {
                "action": [],
                "alert": "",
                "alert_resolution": [],
                "annotations": null,
                "enabled": true,
                "expression": "max by (instance,volume)((windows_logical_disk_size_bytes{job=\"windows-exporter\"} - windows_logical_disk_free_bytes{job=\"windows-exporter\"}) / windows_logical_disk_size_bytes{job=\"windows-exporter\"})",
                "for": "",
                "labels": null,
                "record": "node:windows_node_filesystem_usage:",
                "severity": 0
              },
              {
                "action": [],
                "alert": "",
                "alert_resolution": [],
                "annotations": null,
                "enabled": true,
                "expression": "max by (instance, volume) (windows_logical_disk_free_bytes{job=\"windows-exporter\"} / windows_logical_disk_size_bytes{job=\"windows-exporter\"})",
                "for": "",
                "labels": null,
                "record": "node:windows_node_filesystem_avail:",
                "severity": 0
              },
              {
                "action": [],
                "alert": "",
                "alert_resolution": [],
                "annotations": null,
                "enabled": true,
                "expression": "sum(irate(windows_net_bytes_total{job=\"windows-exporter\"}[5m]))",
                "for": "",
                "labels": null,
                "record": ":windows_node_net_utilisation:sum_irate",
                "severity": 0
              },
              {
                "action": [],
                "alert": "",
                "alert_resolution": [],
                "annotations": null,
                "enabled": true,
                "expression": "sum by (instance) ((irate(windows_net_bytes_total{job=\"windows-exporter\"}[5m])))",
                "for": "",
                "labels": null,
                "record": "node:windows_node_net_utilisation:sum_irate",
                "severity": 0
              },
              {
                "action": [],
                "alert": "",
                "alert_resolution": [],
                "annotations": null,
                "enabled": true,
                "expression": "sum(irate(windows_net_packets_received_discarded_total{job=\"windows-exporter\"}[5m])) + sum(irate(windows_net_packets_outbound_discarded_total{job=\"windows-exporter\"}[5m]))",
                "for": "",
                "labels": null,
                "record": ":windows_node_net_saturation:sum_irate",
                "severity": 0
              },
              {
                "action": [],
                "alert": "",
                "alert_resolution": [],
                "annotations": null,
                "enabled": true,
                "expression": "sum by (instance) ((irate(windows_net_packets_received_discarded_total{job=\"windows-exporter\"}[5m]) + irate(windows_net_packets_outbound_discarded_total{job=\"windows-exporter\"}[5m])))",
                "for": "",
                "labels": null,
                "record": "node:windows_node_net_saturation:sum_irate",
                "severity": 0
              },
              {
                "action": [],
                "alert": "",
                "alert_resolution": [],
                "annotations": null,
                "enabled": true,
                "expression": "windows_container_available{job=\"windows-exporter\", container_id != \"\"} * on(container_id) group_left(container, pod, namespace) max(kube_pod_container_info{job=\"kube-state-metrics\", container_id != \"\"}) by(container, container_id, pod, namespace)",
                "for": "",
                "labels": null,
                "record": "windows_pod_container_available",
                "severity": 0
              },
              {
                "action": [],
                "alert": "",
                "alert_resolution": [],
                "annotations": null,
                "enabled": true,
                "expression": "windows_container_cpu_usage_seconds_total{job=\"windows-exporter\", container_id != \"\"} * on(container_id) group_left(container, pod, namespace) max(kube_pod_container_info{job=\"kube-state-metrics\", container_id != \"\"}) by(container, container_id, pod, namespace)",
                "for": "",
                "labels": null,
                "record": "windows_container_total_runtime",
                "severity": 0
              },
              {
                "action": [],
                "alert": "",
                "alert_resolution": [],
                "annotations": null,
                "enabled": true,
                "expression": "windows_container_memory_usage_commit_bytes{job=\"windows-exporter\", container_id != \"\"} * on(container_id) group_left(container, pod, namespace) max(kube_pod_container_info{job=\"kube-state-metrics\", container_id != \"\"}) by(container, container_id, pod, namespace)",
                "for": "",
                "labels": null,
                "record": "windows_container_memory_usage",
                "severity": 0
              },
              {
                "action": [],
                "alert": "",
                "alert_resolution": [],
                "annotations": null,
                "enabled": true,
                "expression": "windows_container_memory_usage_private_working_set_bytes{job=\"windows-exporter\", container_id != \"\"} * on(container_id) group_left(container, pod, namespace) max(kube_pod_container_info{job=\"kube-state-metrics\", container_id != \"\"}) by(container, container_id, pod, namespace)",
                "for": "",
                "labels": null,
                "record": "windows_container_private_working_set_usage",
                "severity": 0
              },
              {
                "action": [],
                "alert": "",
                "alert_resolution": [],
                "annotations": null,
                "enabled": true,
                "expression": "windows_container_network_receive_bytes_total{job=\"windows-exporter\", container_id != \"\"} * on(container_id) group_left(container, pod, namespace) max(kube_pod_container_info{job=\"kube-state-metrics\", container_id != \"\"}) by(container, container_id, pod, namespace)",
                "for": "",
                "labels": null,
                "record": "windows_container_network_received_bytes_total",
                "severity": 0
              },
              {
                "action": [],
                "alert": "",
                "alert_resolution": [],
                "annotations": null,
                "enabled": true,
                "expression": "windows_container_network_transmit_bytes_total{job=\"windows-exporter\", container_id != \"\"} * on(container_id) group_left(container, pod, namespace) max(kube_pod_container_info{job=\"kube-state-metrics\", container_id != \"\"}) by(container, container_id, pod, namespace)",
                "for": "",
                "labels": null,
                "record": "windows_container_network_transmitted_bytes_total",
                "severity": 0
              },
              {
                "action": [],
                "alert": "",
                "alert_resolution": [],
                "annotations": null,
                "enabled": true,
                "expression": "max by (namespace, pod, container) (kube_pod_container_resource_requests{resource=\"memory\",job=\"kube-state-metrics\"}) * on(container,pod,namespace) (windows_pod_container_available)",
                "for": "",
                "labels": null,
                "record": "kube_pod_windows_container_resource_memory_request",
                "severity": 0
              },
              {
                "action": [],
                "alert": "",
                "alert_resolution": [],
                "annotations": null,
                "enabled": true,
                "expression": "kube_pod_container_resource_limits{resource=\"memory\",job=\"kube-state-metrics\"} * on(container,pod,namespace) (windows_pod_container_available)",
                "for": "",
                "labels": null,
                "record": "kube_pod_windows_container_resource_memory_limit",
                "severity": 0
              },
              {
                "action": [],
                "alert": "",
                "alert_resolution": [],
                "annotations": null,
                "enabled": true,
                "expression": "max by (namespace, pod, container) ( kube_pod_container_resource_requests{resource=\"cpu\",job=\"kube-state-metrics\"}) * on(container,pod,namespace) (windows_pod_container_available)",
                "for": "",
                "labels": null,
                "record": "kube_pod_windows_container_resource_cpu_cores_request",
                "severity": 0
              },
              {
                "action": [],
                "alert": "",
                "alert_resolution": [],
                "annotations": null,
                "enabled": true,
                "expression": "kube_pod_container_resource_limits{resource=\"cpu\",job=\"kube-state-metrics\"} * on(container,pod,namespace) (windows_pod_container_available)",
                "for": "",
                "labels": null,
                "record": "kube_pod_windows_container_resource_cpu_cores_limit",
                "severity": 0
              },
              {
                "action": [],
                "alert": "",
                "alert_resolution": [],
                "annotations": null,
                "enabled": true,
                "expression": "sum by (namespace, pod, container) (rate(windows_container_total_runtime{}[5m]))",
                "for": "",
                "labels": null,
                "record": "namespace_pod_container:windows_container_cpu_usage_seconds_total:sum_rate",
                "severity": 0
              }
            ],
            "rule_group_enabled": true,
            "scopes": [
              "/subscriptions/ccfc5dda-43af-4b5e-8cc2-1dda18f2382e/resourceGroups/eel-38698-monitor_rg/providers/Microsoft.Monitor/accounts/eel-38698-prometheus"
            ],
            "tags": null,
            "timeouts": null
          },
          "sensitive_attributes": [],
          "private": "eyJlMmJmYjczMC1lY2FhLTExZTYtOGY4OC0zNDM2M2JjN2M0YzAiOnsiY3JlYXRlIjoxODAwMDAwMDAwMDAwLCJkZWxldGUiOjE4MDAwMDAwMDAwMDAsInJlYWQiOjMwMDAwMDAwMDAwMCwidXBkYXRlIjoxODAwMDAwMDAwMDAwfX0=",
          "dependencies": [
            "module.azure_monitor.azurerm_monitor_workspace.this",
            "module.azure_monitor.azurerm_resource_group.this",
            "random_id.this",
            "random_pet.this"
          ]
        }
      ]
    },
    {
      "module": "module.azure_monitor",
      "mode": "managed",
      "type": "azurerm_monitor_alert_prometheus_rule_group",
      "name": "prometheus_node_recording_rule_group",
      "provider": "provider[\"registry.terraform.io/hashicorp/azurerm\"]",
      "instances": [
        {
          "index_key": 0,
          "schema_version": 0,
          "attributes": {
            "cluster_name": "",
            "description": "",
            "id": "/subscriptions/ccfc5dda-43af-4b5e-8cc2-1dda18f2382e/resourceGroups/eel-38698-monitor_rg/providers/Microsoft.AlertsManagement/prometheusRuleGroups/eel-38698-NodeRecordingRuleGroup",
            "interval": "PT1M",
            "location": "canadacentral",
            "name": "eel-38698-NodeRecordingRuleGroup",
            "resource_group_name": "eel-38698-monitor_rg",
            "rule": [
              {
                "action": [],
                "alert": "",
                "alert_resolution": [],
                "annotations": null,
                "enabled": true,
                "expression": "count without (cpu, mode) (node_cpu_seconds_total{job=\"node\",mode=\"idle\"})",
                "for": "",
                "labels": null,
                "record": "instance:node_num_cpu:sum",
                "severity": 0
              },
              {
                "action": [],
                "alert": "",
                "alert_resolution": [],
                "annotations": null,
                "enabled": true,
                "expression": "1 - avg without (cpu) (sum without (mode) (rate(node_cpu_seconds_total{job=\"node\", mode=~\"idle|iowait|steal\"}[5m])))",
                "for": "",
                "labels": null,
                "record": "instance:node_cpu_utilisation:rate5m",
                "severity": 0
              },
              {
                "action": [],
                "alert": "",
                "alert_resolution": [],
                "annotations": null,
                "enabled": true,
                "expression": "(  node_load1{job=\"node\"}/  instance:node_num_cpu:sum{job=\"node\"})",
                "for": "",
                "labels": null,
                "record": "instance:node_load1_per_cpu:ratio",
                "severity": 0
              },
              {
                "action": [],
                "alert": "",
                "alert_resolution": [],
                "annotations": null,
                "enabled": true,
                "expression": "1 - ((node_memory_MemAvailable_bytes{job=\"node\"} or (node_memory_Buffers_bytes{job=\"node\"} + node_memory_Cached_bytes{job=\"node\"} + node_memory_MemFree_bytes{job=\"node\"} + node_memory_Slab_bytes{job=\"node\"}))/  node_memory_MemTotal_bytes{job=\"node\"})",
                "for": "",
                "labels": null,
                "record": "instance:node_memory_utilisation:ratio",
                "severity": 0
              },
              {
                "action": [],
                "alert": "",
                "alert_resolution": [],
                "annotations": null,
                "enabled": true,
                "expression": "rate(node_vmstat_pgmajfault{job=\"node\"}[5m])",
                "for": "",
                "labels": null,
                "record": "instance:node_vmstat_pgmajfault:rate5m",
                "severity": 0
              },
              {
                "action": [],
                "alert": "",
                "alert_resolution": [],
                "annotations": null,
                "enabled": true,
                "expression": "rate(node_disk_io_time_seconds_total{job=\"node\", device!=\"\"}[5m])",
                "for": "",
                "labels": null,
                "record": "instance_device:node_disk_io_time_seconds:rate5m",
                "severity": 0
              },
              {
                "action": [],
                "alert": "",
                "alert_resolution": [],
                "annotations": null,
                "enabled": true,
                "expression": "rate(node_disk_io_time_weighted_seconds_total{job=\"node\", device!=\"\"}[5m])",
                "for": "",
                "labels": null,
                "record": "instance_device:node_disk_io_time_weighted_seconds:rate5m",
                "severity": 0
              },
              {
                "action": [],
                "alert": "",
                "alert_resolution": [],
                "annotations": null,
                "enabled": true,
                "expression": "sum without (device) (  rate(node_network_receive_bytes_total{job=\"node\", device!=\"lo\"}[5m]))",
                "for": "",
                "labels": null,
                "record": "instance:node_network_receive_bytes_excluding_lo:rate5m",
                "severity": 0
              },
              {
                "action": [],
                "alert": "",
                "alert_resolution": [],
                "annotations": null,
                "enabled": true,
                "expression": "sum without (device) (  rate(node_network_transmit_bytes_total{job=\"node\", device!=\"lo\"}[5m]))",
                "for": "",
                "labels": null,
                "record": "instance:node_network_transmit_bytes_excluding_lo:rate5m",
                "severity": 0
              },
              {
                "action": [],
                "alert": "",
                "alert_resolution": [],
                "annotations": null,
                "enabled": true,
                "expression": "sum without (device) (  rate(node_network_receive_drop_total{job=\"node\", device!=\"lo\"}[5m]))",
                "for": "",
                "labels": null,
                "record": "instance:node_network_receive_drop_excluding_lo:rate5m",
                "severity": 0
              },
              {
                "action": [],
                "alert": "",
                "alert_resolution": [],
                "annotations": null,
                "enabled": true,
                "expression": "sum without (device) (  rate(node_network_transmit_drop_total{job=\"node\", device!=\"lo\"}[5m]))",
                "for": "",
                "labels": null,
                "record": "instance:node_network_transmit_drop_excluding_lo:rate5m",
                "severity": 0
              }
            ],
            "rule_group_enabled": true,
            "scopes": [
              "/subscriptions/ccfc5dda-43af-4b5e-8cc2-1dda18f2382e/resourceGroups/eel-38698-monitor_rg/providers/Microsoft.Monitor/accounts/eel-38698-prometheus"
            ],
            "tags": null,
            "timeouts": null
          },
          "sensitive_attributes": [],
          "private": "eyJlMmJmYjczMC1lY2FhLTExZTYtOGY4OC0zNDM2M2JjN2M0YzAiOnsiY3JlYXRlIjoxODAwMDAwMDAwMDAwLCJkZWxldGUiOjE4MDAwMDAwMDAwMDAsInJlYWQiOjMwMDAwMDAwMDAwMCwidXBkYXRlIjoxODAwMDAwMDAwMDAwfX0=",
          "dependencies": [
            "module.azure_monitor.azurerm_monitor_workspace.this",
            "module.azure_monitor.azurerm_resource_group.this",
            "random_id.this",
            "random_pet.this"
          ]
        }
      ]
    },
    {
      "module": "module.azure_monitor",
      "mode": "managed",
      "type": "azurerm_monitor_alert_prometheus_rule_group",
      "name": "prometheus_node_recording_rule_group_windows",
      "provider": "provider[\"registry.terraform.io/hashicorp/azurerm\"]",
      "instances": [
        {
          "index_key": 0,
          "schema_version": 0,
          "attributes": {
            "cluster_name": "",
            "description": "",
            "id": "/subscriptions/ccfc5dda-43af-4b5e-8cc2-1dda18f2382e/resourceGroups/eel-38698-monitor_rg/providers/Microsoft.AlertsManagement/prometheusRuleGroups/eel-38698-NodeRecordingRuleGroup-Windows",
            "interval": "PT1M",
            "location": "canadacentral",
            "name": "eel-38698-NodeRecordingRuleGroup-Windows",
            "resource_group_name": "eel-38698-monitor_rg",
            "rule": [
              {
                "action": [],
                "alert": "",
                "alert_resolution": [],
                "annotations": null,
                "enabled": true,
                "expression": "count (windows_system_system_up_time{job=\"windows-exporter\"})",
                "for": "",
                "labels": null,
                "record": "node:windows_node:sum",
                "severity": 0
              },
              {
                "action": [],
                "alert": "",
                "alert_resolution": [],
                "annotations": null,
                "enabled": true,
                "expression": "count by (instance) (sum by (instance, core) (windows_cpu_time_total{job=\"windows-exporter\"}))",
                "for": "",
                "labels": null,
                "record": "node:windows_node_num_cpu:sum",
                "severity": 0
              },
              {
                "action": [],
                "alert": "",
                "alert_resolution": [],
                "annotations": null,
                "enabled": true,
                "expression": "1 - avg(rate(windows_cpu_time_total{job=\"windows-exporter\",mode=\"idle\"}[5m]))",
                "for": "",
                "labels": null,
                "record": ":windows_node_cpu_utilisation:avg5m",
                "severity": 0
              },
              {
                "action": [],
                "alert": "",
                "alert_resolution": [],
                "annotations": null,
                "enabled": true,
                "expression": "1 - avg by (instance) (rate(windows_cpu_time_total{job=\"windows-exporter\",mode=\"idle\"}[5m]))",
                "for": "",
                "labels": null,
                "record": "node:windows_node_cpu_utilisation:avg5m",
                "severity": 0
              },
              {
                "action": [],
                "alert": "",
                "alert_resolution": [],
                "annotations": null,
                "enabled": true,
                "expression": "1 -sum(windows_memory_available_bytes{job=\"windows-exporter\"})/sum(windows_os_visible_memory_bytes{job=\"windows-exporter\"})",
                "for": "",
                "labels": null,
                "record": ":windows_node_memory_utilisation:",
                "severity": 0
              },
              {
                "action": [],
                "alert": "",
                "alert_resolution": [],
                "annotations": null,
                "enabled": true,
                "expression": "sum(windows_memory_available_bytes{job=\"windows-exporter\"} + windows_memory_cache_bytes{job=\"windows-exporter\"})",
                "for": "",
                "labels": null,
                "record": ":windows_node_memory_MemFreeCached_bytes:sum",
                "severity": 0
              },
              {
                "action": [],
                "alert": "",
                "alert_resolution": [],
                "annotations": null,
                "enabled": true,
                "expression": "(windows_memory_cache_bytes{job=\"windows-exporter\"} + windows_memory_modified_page_list_bytes{job=\"windows-exporter\"} + windows_memory_standby_cache_core_bytes{job=\"windows-exporter\"} + windows_memory_standby_cache_normal_priority_bytes{job=\"windows-exporter\"} + windows_memory_standby_cache_reserve_bytes{job=\"windows-exporter\"})",
                "for": "",
                "labels": null,
                "record": "node:windows_node_memory_totalCached_bytes:sum",
                "severity": 0
              },
              {
                "action": [],
                "alert": "",
                "alert_resolution": [],
                "annotations": null,
                "enabled": true,
                "expression": "sum(windows_os_visible_memory_bytes{job=\"windows-exporter\"})",
                "for": "",
                "labels": null,
                "record": ":windows_node_memory_MemTotal_bytes:sum",
                "severity": 0
              },
              {
                "action": [],
                "alert": "",
                "alert_resolution": [],
                "annotations": null,
                "enabled": true,
                "expression": "sum by (instance) ((windows_memory_available_bytes{job=\"windows-exporter\"}))",
                "for": "",
                "labels": null,
                "record": "node:windows_node_memory_bytes_available:sum",
                "severity": 0
              },
              {
                "action": [],
                "alert": "",
                "alert_resolution": [],
                "annotations": null,
                "enabled": true,
                "expression": "sum by (instance) (windows_os_visible_memory_bytes{job=\"windows-exporter\"})",
                "for": "",
                "labels": null,
                "record": "node:windows_node_memory_bytes_total:sum",
                "severity": 0
              },
              {
                "action": [],
                "alert": "",
                "alert_resolution": [],
                "annotations": null,
                "enabled": true,
                "expression": "(node:windows_node_memory_bytes_total:sum - node:windows_node_memory_bytes_available:sum) / scalar(sum(node:windows_node_memory_bytes_total:sum))",
                "for": "",
                "labels": null,
                "record": "node:windows_node_memory_utilisation:ratio",
                "severity": 0
              },
              {
                "action": [],
                "alert": "",
                "alert_resolution": [],
                "annotations": null,
                "enabled": true,
                "expression": "1 - (node:windows_node_memory_bytes_available:sum / node:windows_node_memory_bytes_total:sum)",
                "for": "",
                "labels": null,
                "record": "node:windows_node_memory_utilisation:",
                "severity": 0
              },
              {
                "action": [],
                "alert": "",
                "alert_resolution": [],
                "annotations": null,
                "enabled": true,
                "expression": "irate(windows_memory_swap_page_operations_total{job=\"windows-exporter\"}[5m])",
                "for": "",
                "labels": null,
                "record": "node:windows_node_memory_swap_io_pages:irate",
                "severity": 0
              },
              {
                "action": [],
                "alert": "",
                "alert_resolution": [],
                "annotations": null,
                "enabled": true,
                "expression": "avg(irate(windows_logical_disk_read_seconds_total{job=\"windows-exporter\"}[5m]) + irate(windows_logical_disk_write_seconds_total{job=\"windows-exporter\"}[5m]))",
                "for": "",
                "labels": null,
                "record": ":windows_node_disk_utilisation:avg_irate",
                "severity": 0
              },
              {
                "action": [],
                "alert": "",
                "alert_resolution": [],
                "annotations": null,
                "enabled": true,
                "expression": "avg by (instance) ((irate(windows_logical_disk_read_seconds_total{job=\"windows-exporter\"}[5m]) + irate(windows_logical_disk_write_seconds_total{job=\"windows-exporter\"}[5m])))",
                "for": "",
                "labels": null,
                "record": "node:windows_node_disk_utilisation:avg_irate",
                "severity": 0
              }
            ],
            "rule_group_enabled": true,
            "scopes": [
              "/subscriptions/ccfc5dda-43af-4b5e-8cc2-1dda18f2382e/resourceGroups/eel-38698-monitor_rg/providers/Microsoft.Monitor/accounts/eel-38698-prometheus"
            ],
            "tags": null,
            "timeouts": null
          },
          "sensitive_attributes": [],
          "private": "eyJlMmJmYjczMC1lY2FhLTExZTYtOGY4OC0zNDM2M2JjN2M0YzAiOnsiY3JlYXRlIjoxODAwMDAwMDAwMDAwLCJkZWxldGUiOjE4MDAwMDAwMDAwMDAsInJlYWQiOjMwMDAwMDAwMDAwMCwidXBkYXRlIjoxODAwMDAwMDAwMDAwfX0=",
          "dependencies": [
            "module.azure_monitor.azurerm_monitor_workspace.this",
            "module.azure_monitor.azurerm_resource_group.this",
            "random_id.this",
            "random_pet.this"
          ]
        }
      ]
    },
    {
      "module": "module.azure_monitor",
      "mode": "managed",
      "type": "azurerm_monitor_alert_prometheus_rule_group",
      "name": "ux_recording_rule_group",
      "provider": "provider[\"registry.terraform.io/hashicorp/azurerm\"]",
      "instances": [
        {
          "index_key": 0,
          "schema_version": 0,
          "attributes": {
            "cluster_name": "",
            "description": "",
            "id": "/subscriptions/ccfc5dda-43af-4b5e-8cc2-1dda18f2382e/resourceGroups/eel-38698-monitor_rg/providers/Microsoft.AlertsManagement/prometheusRuleGroups/eel-38698-UXRecordingRuleGroup",
            "interval": "PT1M",
            "location": "canadacentral",
            "name": "eel-38698-UXRecordingRuleGroup",
            "resource_group_name": "eel-38698-monitor_rg",
            "rule": [
              {
                "action": [],
                "alert": "",
                "alert_resolution": [],
                "annotations": null,
                "enabled": true,
                "expression": "(sum by (namespace, pod, cluster, microsoft_resourceid) (\n\tirate(container_cpu_usage_seconds_total{container != \"\", pod != \"\", job = \"cadvisor\"}[5m])\n)) * on (pod, namespace, cluster, microsoft_resourceid) group_left (node, created_by_name, created_by_kind)\n(max by (node, created_by_name, created_by_kind, pod, namespace, cluster, microsoft_resourceid) (kube_pod_info{pod != \"\", job = \"kube-state-metrics\"}))",
                "for": "",
                "labels": null,
                "record": "ux:pod_cpu_usage:sum_irate",
                "severity": 0
              },
              {
                "action": [],
                "alert": "",
                "alert_resolution": [],
                "annotations": null,
                "enabled": true,
                "expression": "sum by (namespace, node, cluster, created_by_name, created_by_kind, microsoft_resourceid) (\nux:pod_cpu_usage:sum_irate\n)\n",
                "for": "",
                "labels": null,
                "record": "ux:controller_cpu_usage:sum_irate",
                "severity": 0
              },
              {
                "action": [],
                "alert": "",
                "alert_resolution": [],
                "annotations": null,
                "enabled": true,
                "expression": "(\n\t    sum by (namespace, pod, cluster, microsoft_resourceid) (\n\t\tcontainer_memory_working_set_bytes{container != \"\", pod != \"\", job = \"cadvisor\"}\n\t    )\n\t) * on (pod, namespace, cluster, microsoft_resourceid) group_left (node, created_by_name, created_by_kind)\n(max by (node, created_by_name, created_by_kind, pod, namespace, cluster, microsoft_resourceid) (kube_pod_info{pod != \"\", job = \"kube-state-metrics\"}))",
                "for": "",
                "labels": null,
                "record": "ux:pod_workingset_memory:sum",
                "severity": 0
              },
              {
                "action": [],
                "alert": "",
                "alert_resolution": [],
                "annotations": null,
                "enabled": true,
                "expression": "sum by (namespace, node, cluster, created_by_name, created_by_kind, microsoft_resourceid) (\nux:pod_workingset_memory:sum\n)",
                "for": "",
                "labels": null,
                "record": "ux:controller_workingset_memory:sum",
                "severity": 0
              },
              {
                "action": [],
                "alert": "",
                "alert_resolution": [],
                "annotations": null,
                "enabled": true,
                "expression": "(\n\t    sum by (namespace, pod, cluster, microsoft_resourceid) (\n\t\tcontainer_memory_rss{container != \"\", pod != \"\", job = \"cadvisor\"}\n\t    )\n\t) * on (pod, namespace, cluster, microsoft_resourceid) group_left (node, created_by_name, created_by_kind)\n(max by (node, created_by_name, created_by_kind, pod, namespace, cluster, microsoft_resourceid) (kube_pod_info{pod != \"\", job = \"kube-state-metrics\"}))",
                "for": "",
                "labels": null,
                "record": "ux:pod_rss_memory:sum",
                "severity": 0
              },
              {
                "action": [],
                "alert": "",
                "alert_resolution": [],
                "annotations": null,
                "enabled": true,
                "expression": "sum by (namespace, node, cluster, created_by_name, created_by_kind, microsoft_resourceid) (\nux:pod_rss_memory:sum\n)",
                "for": "",
                "labels": null,
                "record": "ux:controller_rss_memory:sum",
                "severity": 0
              },
              {
                "action": [],
                "alert": "",
                "alert_resolution": [],
                "annotations": null,
                "enabled": true,
                "expression": "sum by (node, created_by_name, created_by_kind, namespace, cluster, pod, microsoft_resourceid) (\n(\n(\nsum by (container, pod, namespace, cluster, microsoft_resourceid) (kube_pod_container_info{container != \"\", pod != \"\", container_id != \"\", job = \"kube-state-metrics\"})\nor sum by (container, pod, namespace, cluster, microsoft_resourceid) (kube_pod_init_container_info{container != \"\", pod != \"\", container_id != \"\", job = \"kube-state-metrics\"})\n)\n* on (pod, namespace, cluster, microsoft_resourceid) group_left (node, created_by_name, created_by_kind)\n(\nmax by (node, created_by_name, created_by_kind, pod, namespace, cluster, microsoft_resourceid) (\n\tkube_pod_info{pod != \"\", job = \"kube-state-metrics\"}\n)\n)\n)\n\n)",
                "for": "",
                "labels": null,
                "record": "ux:pod_container_count:sum",
                "severity": 0
              },
              {
                "action": [],
                "alert": "",
                "alert_resolution": [],
                "annotations": null,
                "enabled": true,
                "expression": "sum by (node, created_by_name, created_by_kind, namespace, cluster, microsoft_resourceid) (\nux:pod_container_count:sum\n)",
                "for": "",
                "labels": null,
                "record": "ux:controller_container_count:sum",
                "severity": 0
              },
              {
                "action": [],
                "alert": "",
                "alert_resolution": [],
                "annotations": null,
                "enabled": true,
                "expression": "max by (node, created_by_name, created_by_kind, namespace, cluster, pod, microsoft_resourceid) (\n(\n(\nmax by (container, pod, namespace, cluster, microsoft_resourceid) (kube_pod_container_status_restarts_total{container != \"\", pod != \"\", job = \"kube-state-metrics\"})\nor sum by (container, pod, namespace, cluster, microsoft_resourceid) (kube_pod_init_status_restarts_total{container != \"\", pod != \"\", job = \"kube-state-metrics\"})\n)\n* on (pod, namespace, cluster, microsoft_resourceid) group_left (node, created_by_name, created_by_kind)\n(\nmax by (node, created_by_name, created_by_kind, pod, namespace, cluster, microsoft_resourceid) (\n\tkube_pod_info{pod != \"\", job = \"kube-state-metrics\"}\n)\n)\n)\n\n)",
                "for": "",
                "labels": null,
                "record": "ux:pod_container_restarts:max",
                "severity": 0
              },
              {
                "action": [],
                "alert": "",
                "alert_resolution": [],
                "annotations": null,
                "enabled": true,
                "expression": "max by (node, created_by_name, created_by_kind, namespace, cluster, microsoft_resourceid) (\nux:pod_container_restarts:max\n)",
                "for": "",
                "labels": null,
                "record": "ux:controller_container_restarts:max",
                "severity": 0
              },
              {
                "action": [],
                "alert": "",
                "alert_resolution": [],
                "annotations": null,
                "enabled": true,
                "expression": "(sum by (cluster, pod, namespace, resource, microsoft_resourceid) (\n(\n\tmax by (cluster, microsoft_resourceid, pod, container, namespace, resource)\n\t (kube_pod_container_resource_limits{container != \"\", pod != \"\", job = \"kube-state-metrics\"})\n)\n)unless (count by (pod, namespace, cluster, resource, microsoft_resourceid)\n\t(kube_pod_container_resource_limits{container != \"\", pod != \"\", job = \"kube-state-metrics\"})\n!= on (pod, namespace, cluster, microsoft_resourceid) group_left()\n sum by (pod, namespace, cluster, microsoft_resourceid)\n (kube_pod_container_info{container != \"\", pod != \"\", job = \"kube-state-metrics\"}) \n)\n\n)* on (namespace, pod, cluster, microsoft_resourceid) group_left (node, created_by_kind, created_by_name)\n(\n\tkube_pod_info{pod != \"\", job = \"kube-state-metrics\"}\n)",
                "for": "",
                "labels": null,
                "record": "ux:pod_resource_limit:sum",
                "severity": 0
              },
              {
                "action": [],
                "alert": "",
                "alert_resolution": [],
                "annotations": null,
                "enabled": true,
                "expression": "sum by (cluster, namespace, created_by_name, created_by_kind, node, resource, microsoft_resourceid) (\nux:pod_resource_limit:sum\n)",
                "for": "",
                "labels": null,
                "record": "ux:controller_resource_limit:sum",
                "severity": 0
              },
              {
                "action": [],
                "alert": "",
                "alert_resolution": [],
                "annotations": null,
                "enabled": true,
                "expression": "sum by (cluster, phase, node, created_by_kind, created_by_name, namespace, microsoft_resourceid) ( (\n(kube_pod_status_phase{job=\"kube-state-metrics\",pod!=\"\"})\n or (label_replace((count(kube_pod_deletion_timestamp{job=\"kube-state-metrics\",pod!=\"\"}) by (namespace, pod, cluster, microsoft_resourceid) * count(kube_pod_status_reason{reason=\"NodeLost\", job=\"kube-state-metrics\"} == 0) by (namespace, pod, cluster, microsoft_resourceid)), \"phase\", \"terminating\", \"\", \"\"))) * on (pod, namespace, cluster, microsoft_resourceid) group_left (node, created_by_name, created_by_kind)\n(\nmax by (node, created_by_name, created_by_kind, pod, namespace, cluster, microsoft_resourceid) (\nkube_pod_info{job=\"kube-state-metrics\",pod!=\"\"}\n)\n)\n)",
                "for": "",
                "labels": null,
                "record": "ux:controller_pod_phase_count:sum",
                "severity": 0
              },
              {
                "action": [],
                "alert": "",
                "alert_resolution": [],
                "annotations": null,
                "enabled": true,
                "expression": "sum by (cluster, phase, node, namespace, microsoft_resourceid) (\nux:controller_pod_phase_count:sum\n)",
                "for": "",
                "labels": null,
                "record": "ux:cluster_pod_phase_count:sum",
                "severity": 0
              },
              {
                "action": [],
                "alert": "",
                "alert_resolution": [],
                "annotations": null,
                "enabled": true,
                "expression": "sum by (instance, cluster, microsoft_resourceid) (\n(1 - irate(node_cpu_seconds_total{job=\"node\", mode=\"idle\"}[5m]))\n)",
                "for": "",
                "labels": null,
                "record": "ux:node_cpu_usage:sum_irate",
                "severity": 0
              },
              {
                "action": [],
                "alert": "",
                "alert_resolution": [],
                "annotations": null,
                "enabled": true,
                "expression": "sum by (instance, cluster, microsoft_resourceid) ((\nnode_memory_MemTotal_bytes{job = \"node\"}\n- node_memory_MemFree_bytes{job = \"node\"} \n- node_memory_cached_bytes{job = \"node\"}\n- node_memory_buffers_bytes{job = \"node\"}\n))",
                "for": "",
                "labels": null,
                "record": "ux:node_memory_usage:sum",
                "severity": 0
              },
              {
                "action": [],
                "alert": "",
                "alert_resolution": [],
                "annotations": null,
                "enabled": true,
                "expression": "sum by (instance, cluster, microsoft_resourceid) (irate(node_network_receive_drop_total{job=\"node\", device!=\"lo\"}[5m]))",
                "for": "",
                "labels": null,
                "record": "ux:node_network_receive_drop_total:sum_irate",
                "severity": 0
              },
              {
                "action": [],
                "alert": "",
                "alert_resolution": [],
                "annotations": null,
                "enabled": true,
                "expression": "sum by (instance, cluster, microsoft_resourceid) (irate(node_network_transmit_drop_total{job=\"node\", device!=\"lo\"}[5m]))",
                "for": "",
                "labels": null,
                "record": "ux:node_network_transmit_drop_total:sum_irate",
                "severity": 0
              }
            ],
            "rule_group_enabled": true,
            "scopes": [
              "/subscriptions/ccfc5dda-43af-4b5e-8cc2-1dda18f2382e/resourceGroups/eel-38698-monitor_rg/providers/Microsoft.Monitor/accounts/eel-38698-prometheus"
            ],
            "tags": null,
            "timeouts": null
          },
          "sensitive_attributes": [],
          "private": "eyJlMmJmYjczMC1lY2FhLTExZTYtOGY4OC0zNDM2M2JjN2M0YzAiOnsiY3JlYXRlIjoxODAwMDAwMDAwMDAwLCJkZWxldGUiOjE4MDAwMDAwMDAwMDAsInJlYWQiOjMwMDAwMDAwMDAwMCwidXBkYXRlIjoxODAwMDAwMDAwMDAwfX0=",
          "dependencies": [
            "module.azure_monitor.azurerm_monitor_workspace.this",
            "module.azure_monitor.azurerm_resource_group.this",
            "random_id.this",
            "random_pet.this"
          ]
        }
      ]
    },
    {
      "module": "module.azure_monitor",
      "mode": "managed",
      "type": "azurerm_monitor_alert_prometheus_rule_group",
      "name": "ux_recording_rule_group_windows",
      "provider": "provider[\"registry.terraform.io/hashicorp/azurerm\"]",
      "instances": [
        {
          "index_key": 0,
          "schema_version": 0,
          "attributes": {
            "cluster_name": "",
            "description": "",
            "id": "/subscriptions/ccfc5dda-43af-4b5e-8cc2-1dda18f2382e/resourceGroups/eel-38698-monitor_rg/providers/Microsoft.AlertsManagement/prometheusRuleGroups/eel-38698-UXRecordingRuleGroup-Windows",
            "interval": "PT1M",
            "location": "canadacentral",
            "name": "eel-38698-UXRecordingRuleGroup-Windows",
            "resource_group_name": "eel-38698-monitor_rg",
            "rule": [
              {
                "action": [],
                "alert": "",
                "alert_resolution": [],
                "annotations": null,
                "enabled": true,
                "expression": "sum by (cluster, pod, namespace, node, created_by_kind, created_by_name, microsoft_resourceid) (\n\t(\n\t\tmax by (instance, container_id, cluster, microsoft_resourceid) (\n\t\t\tirate(windows_container_cpu_usage_seconds_total{ container_id != \"\", job = \"windows-exporter\"}[5m])\n\t\t) * on (container_id, cluster, microsoft_resourceid) group_left (container, pod, namespace) (\n\t\t\tmax by (container, container_id, pod, namespace, cluster, microsoft_resourceid) (\n\t\t\t\tkube_pod_container_info{container != \"\", pod != \"\", container_id != \"\", job = \"kube-state-metrics\"}\n\t\t\t)\n\t\t)\n\t) * on (pod, namespace, cluster, microsoft_resourceid) group_left (node, created_by_name, created_by_kind)\n\t(\n\t\tmax by (node, created_by_name, created_by_kind, pod, namespace, cluster, microsoft_resourceid) (\n\t\t  kube_pod_info{ pod != \"\", job = \"kube-state-metrics\"}\n\t\t)\n\t)\n)",
                "for": "",
                "labels": null,
                "record": "ux:pod_cpu_usage_windows:sum_irate",
                "severity": 0
              },
              {
                "action": [],
                "alert": "",
                "alert_resolution": [],
                "annotations": null,
                "enabled": true,
                "expression": "sum by (namespace, node, cluster, created_by_name, created_by_kind, microsoft_resourceid) (\nux:pod_cpu_usage_windows:sum_irate\n)\n",
                "for": "",
                "labels": null,
                "record": "ux:controller_cpu_usage_windows:sum_irate",
                "severity": 0
              },
              {
                "action": [],
                "alert": "",
                "alert_resolution": [],
                "annotations": null,
                "enabled": true,
                "expression": "sum by (cluster, pod, namespace, node, created_by_kind, created_by_name, microsoft_resourceid) (\n\t(\n\t\tmax by (instance, container_id, cluster, microsoft_resourceid) (\n\t\t\twindows_container_memory_usage_private_working_set_bytes{ container_id != \"\", job = \"windows-exporter\"}\n\t\t) * on (container_id, cluster, microsoft_resourceid) group_left (container, pod, namespace) (\n\t\t\tmax by (container, container_id, pod, namespace, cluster, microsoft_resourceid) (\n\t\t\t\tkube_pod_container_info{container != \"\", pod != \"\", container_id != \"\", job = \"kube-state-metrics\"}\n\t\t\t)\n\t\t)\n\t) * on (pod, namespace, cluster, microsoft_resourceid) group_left (node, created_by_name, created_by_kind)\n\t(\n\t\tmax by (node, created_by_name, created_by_kind, pod, namespace, cluster, microsoft_resourceid) (\n\t\t  kube_pod_info{ pod != \"\", job = \"kube-state-metrics\"}\n\t\t)\n\t)\n)",
                "for": "",
                "labels": null,
                "record": "ux:pod_workingset_memory_windows:sum",
                "severity": 0
              },
              {
                "action": [],
                "alert": "",
                "alert_resolution": [],
                "annotations": null,
                "enabled": true,
                "expression": "sum by (namespace, node, cluster, created_by_name, created_by_kind, microsoft_resourceid) (\nux:pod_workingset_memory_windows:sum\n)",
                "for": "",
                "labels": null,
                "record": "ux:controller_workingset_memory_windows:sum",
                "severity": 0
              },
              {
                "action": [],
                "alert": "",
                "alert_resolution": [],
                "annotations": null,
                "enabled": true,
                "expression": "sum by (instance, cluster, microsoft_resourceid) (\n(1 - irate(windows_cpu_time_total{job=\"windows-exporter\", mode=\"idle\"}[5m]))\n)",
                "for": "",
                "labels": null,
                "record": "ux:node_cpu_usage_windows:sum_irate",
                "severity": 0
              },
              {
                "action": [],
                "alert": "",
                "alert_resolution": [],
                "annotations": null,
                "enabled": true,
                "expression": "sum by (instance, cluster, microsoft_resourceid) ((\nwindows_os_visible_memory_bytes{job = \"windows-exporter\"}\n- windows_memory_available_bytes{job = \"windows-exporter\"}\n))",
                "for": "",
                "labels": null,
                "record": "ux:node_memory_usage_windows:sum",
                "severity": 0
              },
              {
                "action": [],
                "alert": "",
                "alert_resolution": [],
                "annotations": null,
                "enabled": true,
                "expression": "sum by (instance, cluster, microsoft_resourceid) (irate(windows_net_packets_received_discarded_total{job=\"windows-exporter\", device!=\"lo\"}[5m]))",
                "for": "",
                "labels": null,
                "record": "ux:node_network_packets_received_drop_total_windows:sum_irate",
                "severity": 0
              },
              {
                "action": [],
                "alert": "",
                "alert_resolution": [],
                "annotations": null,
                "enabled": true,
                "expression": "sum by (instance, cluster, microsoft_resourceid) (irate(windows_net_packets_outbound_discarded_total{job=\"windows-exporter\", device!=\"lo\"}[5m]))",
                "for": "",
                "labels": null,
                "record": "ux:node_network_packets_outbound_drop_total_windows:sum_irate",
                "severity": 0
              }
            ],
            "rule_group_enabled": true,
            "scopes": [
              "/subscriptions/ccfc5dda-43af-4b5e-8cc2-1dda18f2382e/resourceGroups/eel-38698-monitor_rg/providers/Microsoft.Monitor/accounts/eel-38698-prometheus"
            ],
            "tags": null,
            "timeouts": null
          },
          "sensitive_attributes": [],
          "private": "eyJlMmJmYjczMC1lY2FhLTExZTYtOGY4OC0zNDM2M2JjN2M0YzAiOnsiY3JlYXRlIjoxODAwMDAwMDAwMDAwLCJkZWxldGUiOjE4MDAwMDAwMDAwMDAsInJlYWQiOjMwMDAwMDAwMDAwMCwidXBkYXRlIjoxODAwMDAwMDAwMDAwfX0=",
          "dependencies": [
            "module.azure_monitor.azurerm_monitor_workspace.this",
            "module.azure_monitor.azurerm_resource_group.this",
            "random_id.this",
            "random_pet.this"
          ]
        }
      ]
    },
    {
      "module": "module.azure_monitor",
      "mode": "managed",
      "type": "azurerm_monitor_data_collection_endpoint",
      "name": "this",
      "provider": "provider[\"registry.terraform.io/hashicorp/azurerm\"]",
      "instances": [
        {
          "index_key": 0,
          "schema_version": 0,
          "attributes": {
            "configuration_access_endpoint": "https://eel-38698-ama-datacollection-ep-lr7m.canadacentral-1.handler.control.monitor.azure.com",
            "description": "",
            "id": "/subscriptions/ccfc5dda-43af-4b5e-8cc2-1dda18f2382e/resourceGroups/eel-38698-monitor_rg/providers/Microsoft.Insights/dataCollectionEndpoints/eel-38698-ama-datacollection-ep",
            "immutable_id": "dce-bfdb0ed98b074df2b20cc48791bae3ed",
            "kind": "Linux",
            "location": "canadacentral",
            "logs_ingestion_endpoint": "https://eel-38698-ama-datacollection-ep-lr7m.canadacentral-1.ingest.monitor.azure.com",
            "name": "eel-38698-ama-datacollection-ep",
            "public_network_access_enabled": true,
            "resource_group_name": "eel-38698-monitor_rg",
            "tags": null,
            "timeouts": null
          },
          "sensitive_attributes": [],
          "private": "eyJlMmJmYjczMC1lY2FhLTExZTYtOGY4OC0zNDM2M2JjN2M0YzAiOnsiY3JlYXRlIjoxODAwMDAwMDAwMDAwLCJkZWxldGUiOjE4MDAwMDAwMDAwMDAsInJlYWQiOjMwMDAwMDAwMDAwMCwidXBkYXRlIjoxODAwMDAwMDAwMDAwfX0=",
          "dependencies": [
            "module.azure_monitor.azurerm_resource_group.this",
            "random_id.this",
            "random_pet.this"
          ]
        }
      ]
    },
    {
      "module": "module.azure_monitor",
      "mode": "managed",
      "type": "azurerm_monitor_data_collection_rule",
      "name": "azuremonitor",
      "provider": "provider[\"registry.terraform.io/hashicorp/azurerm\"]",
      "instances": [
        {
          "index_key": 0,
          "schema_version": 0,
          "attributes": {
            "data_collection_endpoint_id": "/subscriptions/ccfc5dda-43af-4b5e-8cc2-1dda18f2382e/resourceGroups/eel-38698-monitor_rg/providers/Microsoft.Insights/dataCollectionEndpoints/eel-38698-ama-datacollection-ep",
            "data_flow": [
              {
                "built_in_transform": "",
                "destinations": [
                  "MonitoringAccount"
                ],
                "output_stream": "",
                "streams": [
                  "Microsoft-PrometheusMetrics"
                ],
                "transform_kql": ""
              }
            ],
            "data_sources": [
              {
                "data_import": [],
                "extension": [],
                "iis_log": [],
                "log_file": [],
                "performance_counter": [],
                "platform_telemetry": [],
                "prometheus_forwarder": [
                  {
                    "label_include_filter": [],
                    "name": "PrometheusDataSource",
                    "streams": [
                      "Microsoft-PrometheusMetrics"
                    ]
                  }
                ],
                "syslog": [],
                "windows_event_log": [],
                "windows_firewall_log": []
              }
            ],
            "description": "",
            "destinations": [
              {
                "azure_monitor_metrics": [],
                "event_hub": [],
                "event_hub_direct": [],
                "log_analytics": [],
                "monitor_account": [
                  {
                    "monitor_account_id": "/subscriptions/ccfc5dda-43af-4b5e-8cc2-1dda18f2382e/resourceGroups/eel-38698-monitor_rg/providers/Microsoft.Monitor/accounts/eel-38698-prometheus",
                    "name": "MonitoringAccount"
                  }
                ],
                "storage_blob": [],
                "storage_blob_direct": [],
                "storage_table_direct": []
              }
            ],
            "id": "/subscriptions/ccfc5dda-43af-4b5e-8cc2-1dda18f2382e/resourceGroups/eel-38698-monitor_rg/providers/Microsoft.Insights/dataCollectionRules/eel-38698-ama-datacollection-rules",
            "identity": [],
            "immutable_id": "dcr-a135a9dd78014bf7978890bc8269a73c",
            "kind": "Linux",
            "location": "canadacentral",
            "name": "eel-38698-ama-datacollection-rules",
            "resource_group_name": "eel-38698-monitor_rg",
            "stream_declaration": [],
            "tags": null,
            "timeouts": null
          },
          "sensitive_attributes": [],
          "private": "eyJlMmJmYjczMC1lY2FhLTExZTYtOGY4OC0zNDM2M2JjN2M0YzAiOnsiY3JlYXRlIjoxODAwMDAwMDAwMDAwLCJkZWxldGUiOjE4MDAwMDAwMDAwMDAsInJlYWQiOjMwMDAwMDAwMDAwMCwidXBkYXRlIjoxODAwMDAwMDAwMDAwfX0=",
          "dependencies": [
            "module.azure_monitor.azurerm_monitor_data_collection_endpoint.this",
            "module.azure_monitor.azurerm_monitor_workspace.this",
            "module.azure_monitor.azurerm_resource_group.this",
            "random_id.this",
            "random_pet.this"
          ]
        }
      ]
    },
    {
      "module": "module.azure_monitor",
      "mode": "managed",
      "type": "azurerm_monitor_data_collection_rule",
      "name": "container_insights",
      "provider": "provider[\"registry.terraform.io/hashicorp/azurerm\"]",
      "instances": [
        {
          "index_key": 0,
          "schema_version": 0,
          "attributes": {
            "data_collection_endpoint_id": "",
            "data_flow": [
              {
                "built_in_transform": "",
                "destinations": [
                  "ciworkspace"
                ],
                "output_stream": "",
                "streams": [
                  "Microsoft-ContainerLog",
                  "Microsoft-ContainerLogV2",
                  "Microsoft-KubeEvents",
                  "Microsoft-KubePodInventory",
                  "Microsoft-KubeNodeInventory",
                  "Microsoft-KubePVInventory",
                  "Microsoft-KubeServices",
                  "Microsoft-KubeMonAgentEvents",
                  "Microsoft-InsightsMetrics",
                  "Microsoft-ContainerInventory",
                  "Microsoft-ContainerNodeInventory",
                  "Microsoft-Perf"
                ],
                "transform_kql": ""
              }
            ],
            "data_sources": [
              {
                "data_import": [],
                "extension": [
                  {
                    "extension_json": "{\"dataCollectionSettings\":{\"enableContainerLogV2\":true,\"interval\":\"1m\",\"namespaceFilteringMode\":\"Off\"}}",
                    "extension_name": "ContainerInsights",
                    "input_data_sources": null,
                    "name": "ContainerInsightsExtension",
                    "streams": [
                      "Microsoft-ContainerLog",
                      "Microsoft-ContainerLogV2",
                      "Microsoft-KubeEvents",
                      "Microsoft-KubePodInventory",
                      "Microsoft-KubeNodeInventory",
                      "Microsoft-KubePVInventory",
                      "Microsoft-KubeServices",
                      "Microsoft-KubeMonAgentEvents",
                      "Microsoft-InsightsMetrics",
                      "Microsoft-ContainerInventory",
                      "Microsoft-ContainerNodeInventory",
                      "Microsoft-Perf"
                    ]
                  }
                ],
                "iis_log": [],
                "log_file": [],
                "performance_counter": [],
                "platform_telemetry": [],
                "prometheus_forwarder": [],
                "syslog": [],
                "windows_event_log": [],
                "windows_firewall_log": []
              }
            ],
            "description": "",
            "destinations": [
              {
                "azure_monitor_metrics": [],
                "event_hub": [],
                "event_hub_direct": [],
                "log_analytics": [
                  {
                    "name": "ciworkspace",
                    "workspace_resource_id": "/subscriptions/ccfc5dda-43af-4b5e-8cc2-1dda18f2382e/resourceGroups/eel-38698-monitor_rg/providers/Microsoft.OperationalInsights/workspaces/eel-38698-logs"
                  }
                ],
                "monitor_account": [],
                "storage_blob": [],
                "storage_blob_direct": [],
                "storage_table_direct": []
              }
            ],
            "id": "/subscriptions/ccfc5dda-43af-4b5e-8cc2-1dda18f2382e/resourceGroups/eel-38698-monitor_rg/providers/Microsoft.Insights/dataCollectionRules/eel-38698-container-insights-rules",
            "identity": [],
            "immutable_id": "dcr-deaf8d878b5c48a8b5475b8f89c25543",
            "kind": "",
            "location": "canadacentral",
            "name": "eel-38698-container-insights-rules",
            "resource_group_name": "eel-38698-monitor_rg",
            "stream_declaration": [],
            "tags": null,
            "timeouts": null
          },
          "sensitive_attributes": [],
          "private": "eyJlMmJmYjczMC1lY2FhLTExZTYtOGY4OC0zNDM2M2JjN2M0YzAiOnsiY3JlYXRlIjoxODAwMDAwMDAwMDAwLCJkZWxldGUiOjE4MDAwMDAwMDAwMDAsInJlYWQiOjMwMDAwMDAwMDAwMCwidXBkYXRlIjoxODAwMDAwMDAwMDAwfX0=",
          "dependencies": [
            "module.azure_monitor.azurerm_log_analytics_workspace.this",
            "module.azure_monitor.azurerm_monitor_data_collection_endpoint.this",
            "module.azure_monitor.azurerm_monitor_workspace.this",
            "module.azure_monitor.azurerm_resource_group.this",
            "random_id.this",
            "random_pet.this"
          ]
        }
      ]
    },
    {
      "module": "module.azure_monitor",
      "mode": "managed",
      "type": "azurerm_monitor_workspace",
      "name": "this",
      "provider": "provider[\"registry.terraform.io/hashicorp/azurerm\"]",
      "instances": [
        {
          "index_key": 0,
          "schema_version": 0,
          "attributes": {
            "default_data_collection_endpoint_id": "/subscriptions/ccfc5dda-43af-4b5e-8cc2-1dda18f2382e/resourceGroups/MA_eel-38698-prometheus_canadacentral_managed/providers/Microsoft.Insights/dataCollectionEndpoints/eel-38698-prometheus",
            "default_data_collection_rule_id": "/subscriptions/ccfc5dda-43af-4b5e-8cc2-1dda18f2382e/resourceGroups/MA_eel-38698-prometheus_canadacentral_managed/providers/Microsoft.Insights/dataCollectionRules/eel-38698-prometheus",
            "id": "/subscriptions/ccfc5dda-43af-4b5e-8cc2-1dda18f2382e/resourceGroups/eel-38698-monitor_rg/providers/Microsoft.Monitor/accounts/eel-38698-prometheus",
            "location": "canadacentral",
            "name": "eel-38698-prometheus",
            "public_network_access_enabled": true,
            "query_endpoint": "https://eel-38698-prometheus-cxcgche2b3h9a0ap.canadacentral.prometheus.monitor.azure.com",
            "resource_group_name": "eel-38698-monitor_rg",
            "tags": null,
            "timeouts": null
          },
          "sensitive_attributes": [],
          "private": "eyJlMmJmYjczMC1lY2FhLTExZTYtOGY4OC0zNDM2M2JjN2M0YzAiOnsiY3JlYXRlIjoxODAwMDAwMDAwMDAwLCJkZWxldGUiOjE4MDAwMDAwMDAwMDAsInJlYWQiOjMwMDAwMDAwMDAwMCwidXBkYXRlIjoxODAwMDAwMDAwMDAwfX0=",
          "dependencies": [
            "module.azure_monitor.azurerm_resource_group.this",
            "random_id.this",
            "random_pet.this"
          ]
        }
      ]
    },
    {
      "module": "module.azure_monitor",
      "mode": "managed",
      "type": "azurerm_resource_group",
      "name": "this",
      "provider": "provider[\"registry.terraform.io/hashicorp/azurerm\"]",
      "instances": [
        {
          "schema_version": 0,
          "attributes": {
            "id": "/subscriptions/ccfc5dda-43af-4b5e-8cc2-1dda18f2382e/resourceGroups/eel-38698-monitor_rg",
            "location": "canadacentral",
            "managed_by": "",
            "name": "eel-38698-monitor_rg",
            "tags": {
              "Application": "Basic AKS Cluster to learn Istio",
              "Components": "Azure Monitor; Prometheus; Grafana",
              "DeployedOn": "2024-10-10T14:06:21Z",
              "Environment": "dev"
            },
            "timeouts": null
          },
          "sensitive_attributes": [],
          "private": "eyJlMmJmYjczMC1lY2FhLTExZTYtOGY4OC0zNDM2M2JjN2M0YzAiOnsiY3JlYXRlIjo1NDAwMDAwMDAwMDAwLCJkZWxldGUiOjU0MDAwMDAwMDAwMDAsInJlYWQiOjMwMDAwMDAwMDAwMCwidXBkYXRlIjo1NDAwMDAwMDAwMDAwfX0=",
          "dependencies": [
            "random_id.this",
            "random_pet.this"
          ]
        }
      ]
    },
    {
      "module": "module.azure_monitor",
      "mode": "managed",
      "type": "azurerm_role_assignment",
      "name": "grafana_admin",
      "provider": "provider[\"registry.terraform.io/hashicorp/azurerm\"]",
      "instances": [
        {
          "index_key": 0,
          "schema_version": 0,
          "attributes": {
            "condition": "",
            "condition_version": "",
            "delegated_managed_identity_resource_id": "",
            "description": "",
            "id": "/subscriptions/ccfc5dda-43af-4b5e-8cc2-1dda18f2382e/resourceGroups/eel-38698-monitor_rg/providers/Microsoft.Authorization/roleAssignments/f4478abd-4a2b-cd01-4b8d-6e73d7fa5eed",
            "name": "f4478abd-4a2b-cd01-4b8d-6e73d7fa5eed",
            "principal_id": "413e7d0c-40ec-474a-91dc-21d04d17459f",
            "principal_type": "ServicePrincipal",
            "role_definition_id": "/subscriptions/ccfc5dda-43af-4b5e-8cc2-1dda18f2382e/providers/Microsoft.Authorization/roleDefinitions/22926164-76b3-42b3-bc55-97df8dab3e41",
            "role_definition_name": "Grafana Admin",
            "scope": "/subscriptions/ccfc5dda-43af-4b5e-8cc2-1dda18f2382e/resourceGroups/eel-38698-monitor_rg",
            "skip_service_principal_aad_check": true,
            "timeouts": null
          },
          "sensitive_attributes": [],
          "private": "eyJlMmJmYjczMC1lY2FhLTExZTYtOGY4OC0zNDM2M2JjN2M0YzAiOnsiY3JlYXRlIjoxODAwMDAwMDAwMDAwLCJkZWxldGUiOjE4MDAwMDAwMDAwMDAsInJlYWQiOjMwMDAwMDAwMDAwMH19",
          "dependencies": [
            "module.azure_monitor.azurerm_resource_group.this",
            "module.azure_monitor.data.azurerm_client_config.current",
            "random_id.this",
            "random_pet.this"
          ]
        }
      ]
    },
    {
      "module": "module.azure_monitor",
      "mode": "managed",
      "type": "azurerm_role_assignment",
      "name": "grafana_monitoring_data_read",
      "provider": "provider[\"registry.terraform.io/hashicorp/azurerm\"]",
      "instances": [
        {
          "index_key": 0,
          "schema_version": 0,
          "attributes": {
            "condition": "",
            "condition_version": "",
            "delegated_managed_identity_resource_id": "",
            "description": "",
            "id": "/subscriptions/ccfc5dda-43af-4b5e-8cc2-1dda18f2382e/resourceGroups/eel-38698-monitor_rg/providers/Microsoft.Monitor/accounts/eel-38698-prometheus/providers/Microsoft.Authorization/roleAssignments/8094487e-14d8-c6f2-4ac2-ecc75739c6f2",
            "name": "8094487e-14d8-c6f2-4ac2-ecc75739c6f2",
            "principal_id": "73319981-459e-4395-a5e1-0d2ab8e528d4",
            "principal_type": "ServicePrincipal",
            "role_definition_id": "/subscriptions/ccfc5dda-43af-4b5e-8cc2-1dda18f2382e/providers/Microsoft.Authorization/roleDefinitions/b0d8363b-8ddd-447d-831f-62ca05bff136",
            "role_definition_name": "Monitoring Data Reader",
            "scope": "/subscriptions/ccfc5dda-43af-4b5e-8cc2-1dda18f2382e/resourceGroups/eel-38698-monitor_rg/providers/Microsoft.Monitor/accounts/eel-38698-prometheus",
            "skip_service_principal_aad_check": true,
            "timeouts": null
          },
          "sensitive_attributes": [],
          "private": "eyJlMmJmYjczMC1lY2FhLTExZTYtOGY4OC0zNDM2M2JjN2M0YzAiOnsiY3JlYXRlIjoxODAwMDAwMDAwMDAwLCJkZWxldGUiOjE4MDAwMDAwMDAwMDAsInJlYWQiOjMwMDAwMDAwMDAwMH19",
          "dependencies": [
            "module.azure_monitor.azurerm_dashboard_grafana.this",
            "module.azure_monitor.azurerm_monitor_workspace.this",
            "module.azure_monitor.azurerm_resource_group.this",
            "random_id.this",
            "random_pet.this"
          ]
        }
      ]
    },
    {
      "module": "module.azure_monitor",
      "mode": "managed",
      "type": "azurerm_role_assignment",
      "name": "grafana_monitoring_read",
      "provider": "provider[\"registry.terraform.io/hashicorp/azurerm\"]",
      "instances": [
        {
          "index_key": 0,
          "schema_version": 0,
          "attributes": {
            "condition": "",
            "condition_version": "",
            "delegated_managed_identity_resource_id": "",
            "description": "",
            "id": "/subscriptions/ccfc5dda-43af-4b5e-8cc2-1dda18f2382e/resourceGroups/eel-38698-monitor_rg/providers/Microsoft.Authorization/roleAssignments/aa520b1e-1e5b-6a48-eb82-ffed39c068d2",
            "name": "aa520b1e-1e5b-6a48-eb82-ffed39c068d2",
            "principal_id": "73319981-459e-4395-a5e1-0d2ab8e528d4",
            "principal_type": "ServicePrincipal",
            "role_definition_id": "/subscriptions/ccfc5dda-43af-4b5e-8cc2-1dda18f2382e/providers/Microsoft.Authorization/roleDefinitions/43d0d8ad-25c7-4714-9337-8ba259a9fe05",
            "role_definition_name": "Monitoring Reader",
            "scope": "/subscriptions/ccfc5dda-43af-4b5e-8cc2-1dda18f2382e/resourceGroups/eel-38698-monitor_rg",
            "skip_service_principal_aad_check": true,
            "timeouts": null
          },
          "sensitive_attributes": [],
          "private": "eyJlMmJmYjczMC1lY2FhLTExZTYtOGY4OC0zNDM2M2JjN2M0YzAiOnsiY3JlYXRlIjoxODAwMDAwMDAwMDAwLCJkZWxldGUiOjE4MDAwMDAwMDAwMDAsInJlYWQiOjMwMDAwMDAwMDAwMH19",
          "dependencies": [
            "module.azure_monitor.azurerm_dashboard_grafana.this",
            "module.azure_monitor.azurerm_monitor_workspace.this",
            "module.azure_monitor.azurerm_resource_group.this",
            "random_id.this",
            "random_pet.this"
          ]
        }
      ]
    },
    {
      "module": "module.cluster",
      "mode": "data",
      "type": "azurerm_client_config",
      "name": "current",
      "provider": "provider[\"registry.terraform.io/hashicorp/azurerm\"]",
      "instances": [
        {
          "schema_version": 0,
          "attributes": {
            "client_id": "d13af33e-da16-4295-822d-09b7d93208fc",
            "id": "Y2xpZW50Q29uZmlncy9jbGllbnRJZD1kMTNhZjMzZS1kYTE2LTQyOTUtODIyZC0wOWI3ZDkzMjA4ZmM7b2JqZWN0SWQ9NDEzZTdkMGMtNDBlYy00NzRhLTkxZGMtMjFkMDRkMTc0NTlmO3N1YnNjcmlwdGlvbklkPWNjZmM1ZGRhLTQzYWYtNGI1ZS04Y2MyLTFkZGExOGYyMzgyZTt0ZW5hbnRJZD0xNmIzYzAxMy1kMzAwLTQ2OGQtYWM2NC03ZWRhMDgyMGI2ZDM=",
            "object_id": "413e7d0c-40ec-474a-91dc-21d04d17459f",
            "subscription_id": "ccfc5dda-43af-4b5e-8cc2-1dda18f2382e",
            "tenant_id": "16b3c013-d300-468d-ac64-7eda0820b6d3",
            "timeouts": null
          },
          "sensitive_attributes": []
        }
      ]
    },
    {
      "module": "module.cluster",
      "mode": "data",
      "type": "azurerm_kubernetes_service_versions",
      "name": "current",
      "provider": "provider[\"registry.terraform.io/hashicorp/azurerm\"]",
      "instances": [
        {
          "schema_version": 0,
          "attributes": {
            "default_version": "1.29.8",
            "id": "/subscriptions/ccfc5dda-43af-4b5e-8cc2-1dda18f2382e/providers/Microsoft.ContainerService/locations/canadacentral",
            "include_preview": true,
            "latest_version": "1.30.4",
            "location": "canadacentral",
            "timeouts": null,
            "version_prefix": null,
            "versions": [
              "1.29.8",
              "1.29.7",
              "1.29.6",
              "1.29.5",
              "1.29.4",
              "1.29.2",
              "1.29.0",
              "1.28.13",
              "1.28.12",
              "1.28.11",
              "1.28.10",
              "1.28.9",
              "1.28.5",
              "1.28.3",
              "1.28.0",
              "1.30.4",
              "1.30.3",
              "1.30.2",
              "1.30.1",
              "1.30.0"
            ]
          },
          "sensitive_attributes": []
        }
      ]
    },
    {
      "module": "module.cluster",
      "mode": "data",
      "type": "azurerm_subscription",
      "name": "current",
      "provider": "provider[\"registry.terraform.io/hashicorp/azurerm\"]",
      "instances": [
        {
          "schema_version": 0,
          "attributes": {
            "display_name": "BJD_Core_Subscription",
            "id": "/subscriptions/ccfc5dda-43af-4b5e-8cc2-1dda18f2382e",
            "location_placement_id": "Internal_2014-09-01",
            "quota_id": "Internal_2014-09-01",
            "spending_limit": "Off",
            "state": "Enabled",
            "subscription_id": "ccfc5dda-43af-4b5e-8cc2-1dda18f2382e",
            "tags": {
              "tag1": "MCAPS-Hybrid-REQ-39016-2022-brdenico",
              "tag2": "Hybrid"
            },
            "tenant_id": "16b3c013-d300-468d-ac64-7eda0820b6d3",
            "timeouts": null
          },
          "sensitive_attributes": []
        }
      ]
    },
    {
      "module": "module.cluster",
      "mode": "managed",
      "type": "azapi_update_resource",
      "name": "cluster_updates",
      "provider": "provider[\"registry.terraform.io/azure/azapi\"]",
      "instances": [
        {
          "schema_version": 1,
          "attributes": {
            "body": {
              "value": "{\"properties\":{\"networkProfile\":{\"advancedNetworking\":{\"observability\":{\"enabled\":true}}}}}",
              "type": "string"
            },
            "id": "/subscriptions/ccfc5dda-43af-4b5e-8cc2-1dda18f2382e/resourceGroups/eel-38698-aks_rg/providers/Microsoft.ContainerService/managedClusters/eel-38698-aks",
            "ignore_body_changes": null,
            "ignore_casing": false,
            "ignore_missing_property": true,
            "locks": null,
            "name": "eel-38698-aks",
            "output": {
              "value": "{}",
              "type": "string"
            },
            "parent_id": "/subscriptions/ccfc5dda-43af-4b5e-8cc2-1dda18f2382e/resourceGroups/eel-38698-aks_rg",
            "resource_id": "/subscriptions/ccfc5dda-43af-4b5e-8cc2-1dda18f2382e/resourceGroups/eel-38698-aks_rg/providers/Microsoft.ContainerService/managedClusters/eel-38698-aks",
            "response_export_values": null,
            "timeouts": null,
            "type": "Microsoft.ContainerService/managedClusters@2024-03-02-preview"
          },
          "sensitive_attributes": [],
          "dependencies": [
            "data.http.myip",
            "module.azure_monitor.azurerm_log_analytics_workspace.this",
            "module.azure_monitor.azurerm_resource_group.this",
            "module.cluster.azurerm_kubernetes_cluster.this",
            "module.cluster.azurerm_nat_gateway.this",
            "module.cluster.azurerm_public_ip.this",
            "module.cluster.azurerm_public_ip_prefix.this",
            "module.cluster.azurerm_resource_group.this",
            "module.cluster.azurerm_role_assignment.aks_role_assignemnt_msi",
            "module.cluster.azurerm_role_assignment.aks_role_assignemnt_network",
            "module.cluster.azurerm_subnet.nodes",
            "module.cluster.azurerm_subnet_nat_gateway_association.nodes",
            "module.cluster.azurerm_user_assigned_identity.aks_identity",
            "module.cluster.azurerm_user_assigned_identity.aks_kubelet_identity",
            "module.cluster.azurerm_virtual_network.this",
            "module.cluster.data.azurerm_client_config.current",
            "module.cluster.random_integer.pod_cidr",
            "module.cluster.random_integer.services_cidr",
            "module.cluster.random_integer.vnet_cidr",
            "random_id.this",
            "random_pet.this",
            "tls_private_key.rsa"
          ]
        }
      ]
    },
    {
      "module": "module.cluster",
      "mode": "managed",
      "type": "azurerm_kubernetes_cluster",
      "name": "this",
      "provider": "provider[\"registry.terraform.io/hashicorp/azurerm\"]",
      "instances": [
        {
          "schema_version": 2,
          "attributes": {
            "aci_connector_linux": [],
            "api_server_access_profile": [
              {
                "authorized_ip_ranges": [
                  "20.63.33.40/30",
                  "4.205.193.133/32",
                  "47.185.138.16/32"
                ]
              }
            ],
            "auto_scaler_profile": [
              {
                "balance_similar_node_groups": false,
                "empty_bulk_delete_max": "10",
                "expander": "random",
                "max_graceful_termination_sec": "600",
                "max_node_provisioning_time": "15m",
                "max_unready_nodes": 1,
                "max_unready_percentage": 45,
                "new_pod_scale_up_delay": "0s",
                "scale_down_delay_after_add": "10m",
                "scale_down_delay_after_delete": "10s",
                "scale_down_delay_after_failure": "3m",
                "scale_down_unneeded": "10m",
                "scale_down_unready": "20m",
                "scale_down_utilization_threshold": "0.5",
                "scan_interval": "10s",
                "skip_nodes_with_local_storage": false,
                "skip_nodes_with_system_pods": true
              }
            ],
            "automatic_upgrade_channel": "patch",
            "azure_active_directory_role_based_access_control": [
              {
                "admin_group_object_ids": null,
                "azure_rbac_enabled": true,
                "tenant_id": "16b3c013-d300-468d-ac64-7eda0820b6d3"
              }
            ],
            "azure_policy_enabled": true,
            "confidential_computing": [],
            "cost_analysis_enabled": true,
            "current_kubernetes_version": "1.30.4",
            "default_node_pool": [
              {
                "auto_scaling_enabled": true,
                "capacity_reservation_group_id": "",
                "fips_enabled": false,
                "gpu_instance": "",
                "host_encryption_enabled": false,
                "host_group_id": "",
                "kubelet_config": [],
                "kubelet_disk_type": "OS",
                "linux_os_config": [],
                "max_count": 5,
                "max_pods": 250,
                "min_count": 1,
                "name": "system",
                "node_count": 3,
                "node_labels": {},
                "node_network_profile": [],
                "node_public_ip_enabled": false,
                "node_public_ip_prefix_id": "",
                "only_critical_addons_enabled": false,
                "orchestrator_version": "1.30",
                "os_disk_size_gb": 127,
                "os_disk_type": "Managed",
                "os_sku": "AzureLinux",
                "pod_subnet_id": "",
                "proximity_placement_group_id": "",
                "scale_down_mode": "Delete",
                "snapshot_id": "",
                "tags": null,
                "temporary_name_for_rotation": "",
                "type": "VirtualMachineScaleSets",
                "ultra_ssd_enabled": false,
                "upgrade_settings": [
                  {
                    "drain_timeout_in_minutes": 0,
                    "max_surge": "25%",
                    "node_soak_duration_in_minutes": 0
                  }
                ],
                "vm_size": "Standard_B4ls_v2",
                "vnet_subnet_id": "/subscriptions/ccfc5dda-43af-4b5e-8cc2-1dda18f2382e/resourceGroups/eel-38698-aks_rg/providers/Microsoft.Network/virtualNetworks/eel-38698-network/subnets/nodes",
                "workload_runtime": "",
                "zones": [
                  "1",
                  "2",
                  "3"
                ]
              }
            ],
            "disk_encryption_set_id": "",
            "dns_prefix": "eel-38698-aks",
            "dns_prefix_private_cluster": "",
            "edge_zone": "",
            "fqdn": "eel-38698-aks-s25yd4p3.hcp.canadacentral.azmk8s.io",
            "http_application_routing_enabled": false,
            "http_application_routing_zone_name": "",
            "http_proxy_config": [],
            "id": "/subscriptions/ccfc5dda-43af-4b5e-8cc2-1dda18f2382e/resourceGroups/eel-38698-aks_rg/providers/Microsoft.ContainerService/managedClusters/eel-38698-aks",
            "identity": [
              {
                "identity_ids": [
                  "/subscriptions/ccfc5dda-43af-4b5e-8cc2-1dda18f2382e/resourceGroups/eel-38698-aks_rg/providers/Microsoft.ManagedIdentity/userAssignedIdentities/eel-38698-aks-cluster-identity"
                ],
                "principal_id": "",
                "tenant_id": "",
                "type": "UserAssigned"
              }
            ],
            "image_cleaner_enabled": true,
            "image_cleaner_interval_hours": 48,
            "ingress_application_gateway": [],
            "key_management_service": [],
            "key_vault_secrets_provider": [
              {
                "secret_identity": [
                  {
                    "client_id": "d6ee94c2-8baa-479b-8832-4648578b2cae",
                    "object_id": "05731fc7-a272-4ce5-be45-382a1f9db809",
                    "user_assigned_identity_id": "/subscriptions/ccfc5dda-43af-4b5e-8cc2-1dda18f2382e/resourcegroups/eel-38698-aks_nodes_rg/providers/Microsoft.ManagedIdentity/userAssignedIdentities/azurekeyvaultsecretsprovider-eel-38698-aks"
                  }
                ],
                "secret_rotation_enabled": true,
                "secret_rotation_interval": "2m"
              }
            ],
            "kube_admin_config": [],
            "kube_admin_config_raw": "",
            "kube_config": [
              {
                "client_certificate": "",
                "client_key": "",
                "cluster_ca_certificate": "LS0tLS1CRUdJTiBDRVJUSUZJQ0FURS0tLS0tCk1JSUU2VENDQXRHZ0F3SUJBZ0lSQU5FZ2JYQ00velNUWWFxT0czRWdmVmd3RFFZSktvWklodmNOQVFFTEJRQXcKRFRFTE1Ba0dBMVVFQXhNQ1kyRXdJQmNOTWpReE1ERXdNVE0xTnpVNFdoZ1BNakExTkRFd01UQXhOREEzTlRoYQpNQTB4Q3pBSkJnTlZCQU1UQW1OaE1JSUNJakFOQmdrcWhraUc5dzBCQVFFRkFBT0NBZzhBTUlJQ0NnS0NBZ0VBCnQwVlNWVzdqdjROZTYzeHRVZnJRNkVlZnJEKzUwc1FnZHQyNUZBdHhaUXkvWHJlaUh3Y1ZxQ3hMamZhK2VnSGYKUjdSaW5ScjMrOGY5YUJ4R0oyRzgwdEIvYlVEVkl2UzV3YkNPMW8xemphcjk3cCtCM1JXN2RHVWdEYWs2eG4rdgpqazJGbjBGTXdvZVRQSXUxYUNmK1ZTY0UwR3psQ0xIdytGV2JXR2QrcE1scjdpNWhKc2lVU05CN0pRVWFMQnJZCk83ckY0T0h4YUV3WkVVRXpVRnF2d3ZtcU8wRGpJT3FqdFQ3TDRLWGNZWE9FaGdkTndrVE1TWTNsMFo1QUM2bEoKOTR5YVlIQ3pMMU4yVGI4eUdJWWc3NmM0cFdhK3hnMlZIUDJzYXNBSnY2cFNuYXpXcWQ3cXFIQ0tWd05HYnp4TAp3dWE5TmhFV1hBMW1TWHdXeXBna3B2VGdQaFFzaUYySGNxUHpnR1BldnQvd1VZTUZ2U3puN3dOWHd1ejBQQTlWCkczSEdGcFhkMVdTbXB1MHZzemd0Zkp0ZlRkRlZSa1VUZXdGOGNnM3JScG9aaElKSExJUUVTQWcxQ2UvQkRobEsKcDcyQXk3a0dtaVQ0R1NzN3JJN0Z6OGtTMFR3YUZKcjR2NnZIWmEyU2pSRHFZb1RjcGJ6eXhCMnpaZ2JsTW5FZgpoaDJCZmJVVHlSam5mUTNEQ0lqK1VUeGhGUCs2bDBJNkhRTGtxVzAvTFlUQ085YkQxY0pmV1VCRCtOU1JWS0ZTCm00OGtLdTFLa0NlaFNIV2hJR3VSWDlvcXgwQTk5QWg2NUdVOWpUNXdaOUxNcUhoTEhOSkFweHk3eENHY2E5bU4KTkVrS0NsUnAyZVdnQmpIMXpsdEVLSjE5MWhqK1BWeFlxdklUMUJ4OTh5c0NBd0VBQWFOQ01FQXdEZ1lEVlIwUApBUUgvQkFRREFnS2tNQThHQTFVZEV3RUIvd1FGTUFNQkFmOHdIUVlEVlIwT0JCWUVGQmR2SU42a2lQL3dSK3BGCjlBZlV3MU9WVnlXRk1BMEdDU3FHU0liM0RRRUJDd1VBQTRJQ0FRQUtNaDZ2anVnTkg2VmcwREVscGJ4WmFWMzcKR1VzUWhnaVVlQ21jcktCQjgxRERVUXdrZVhMelBzeHNrN083cWdNd3FqWnYwV09objhGNHFWWU00YjNTeGdydgo0b29CZTExRExneGJkZ1k1L2RobFFJVmZCZWFGQkJqMHg3VDkzYVhTcmZNYWhUM3Y4R3NjL2QyL0IxUExMc2NaCnNiUjNwd3F5K05ydHlZTWdXOGtQV0JvUkZZcDhseFFxaXo4aTFjMEpmaWdYRHhQMFl4NEhzMEdNNnozODQyeUIKT3RMWWNUcGU1UHVXMzVnaFBaTTFHVnF0a1MrQ3JtSmMvY3ZpMFZZZXVrdzZOTkhXRVhZRmxKeDNqWExUK2dFVQpmbWlPS2tIZDlFeFNEQVpCMWNFUmhXZ2RMZFJlNXdTZk9RRDFMbkxEK2dQWEgvNWpudVRSWS9YZ2VTRXZxS0piCllsMjc3V1p4K3NBZXVmeGNOYW1CNDhJVmV0RjdQM3RqRENrY2pDb25UM3dzVjQwTlFGVWRtVnJaM3E0ejVQd0MKL21DeEdWY2VXOUF5WHRMQ21IN0IvMmlzemVGUjg1U3lLWWdLM2ZHTHRTeXJELzQwZ0NTekw0K3BkbTVOdksxVwo3T3V1K3RKb3VNSStrRis4MW5JTGpOWDFLWmNTVG5nSmt1ZUZyQmwxNnoyQ1dkeGcyeEVXMmx6NFdNaGRvam1YCmZPWWZQRTd1YU8xZUNIUXBQb1pDWEVoRW9ieS9aZmFzRFBtS3hUOGdzb2ZNR2dQeW0rYUhZRm1DcDFmRTlVdEYKa1A5MTBRUWJVdStkR3cxaStiTDI3L3RkN2NieERBRkt5cVRCOW9zTTlDU2NNdW1kQmdNcjhnc3VHQUhtRUV3egpKT0JZdG02OVVYMzFpaTlBWVE9PQotLS0tLUVORCBDRVJUSUZJQ0FURS0tLS0tCg==",
                "host": "https://eel-38698-aks-s25yd4p3.hcp.canadacentral.azmk8s.io:443",
                "password": "",
                "username": "clusterUser_eel-38698-aks_rg_eel-38698-aks"
              }
            ],
            "kube_config_raw": "apiVersion: v1\nclusters:\n- cluster:\n    certificate-authority-data: LS0tLS1CRUdJTiBDRVJUSUZJQ0FURS0tLS0tCk1JSUU2VENDQXRHZ0F3SUJBZ0lSQU5FZ2JYQ00velNUWWFxT0czRWdmVmd3RFFZSktvWklodmNOQVFFTEJRQXcKRFRFTE1Ba0dBMVVFQXhNQ1kyRXdJQmNOTWpReE1ERXdNVE0xTnpVNFdoZ1BNakExTkRFd01UQXhOREEzTlRoYQpNQTB4Q3pBSkJnTlZCQU1UQW1OaE1JSUNJakFOQmdrcWhraUc5dzBCQVFFRkFBT0NBZzhBTUlJQ0NnS0NBZ0VBCnQwVlNWVzdqdjROZTYzeHRVZnJRNkVlZnJEKzUwc1FnZHQyNUZBdHhaUXkvWHJlaUh3Y1ZxQ3hMamZhK2VnSGYKUjdSaW5ScjMrOGY5YUJ4R0oyRzgwdEIvYlVEVkl2UzV3YkNPMW8xemphcjk3cCtCM1JXN2RHVWdEYWs2eG4rdgpqazJGbjBGTXdvZVRQSXUxYUNmK1ZTY0UwR3psQ0xIdytGV2JXR2QrcE1scjdpNWhKc2lVU05CN0pRVWFMQnJZCk83ckY0T0h4YUV3WkVVRXpVRnF2d3ZtcU8wRGpJT3FqdFQ3TDRLWGNZWE9FaGdkTndrVE1TWTNsMFo1QUM2bEoKOTR5YVlIQ3pMMU4yVGI4eUdJWWc3NmM0cFdhK3hnMlZIUDJzYXNBSnY2cFNuYXpXcWQ3cXFIQ0tWd05HYnp4TAp3dWE5TmhFV1hBMW1TWHdXeXBna3B2VGdQaFFzaUYySGNxUHpnR1BldnQvd1VZTUZ2U3puN3dOWHd1ejBQQTlWCkczSEdGcFhkMVdTbXB1MHZzemd0Zkp0ZlRkRlZSa1VUZXdGOGNnM3JScG9aaElKSExJUUVTQWcxQ2UvQkRobEsKcDcyQXk3a0dtaVQ0R1NzN3JJN0Z6OGtTMFR3YUZKcjR2NnZIWmEyU2pSRHFZb1RjcGJ6eXhCMnpaZ2JsTW5FZgpoaDJCZmJVVHlSam5mUTNEQ0lqK1VUeGhGUCs2bDBJNkhRTGtxVzAvTFlUQ085YkQxY0pmV1VCRCtOU1JWS0ZTCm00OGtLdTFLa0NlaFNIV2hJR3VSWDlvcXgwQTk5QWg2NUdVOWpUNXdaOUxNcUhoTEhOSkFweHk3eENHY2E5bU4KTkVrS0NsUnAyZVdnQmpIMXpsdEVLSjE5MWhqK1BWeFlxdklUMUJ4OTh5c0NBd0VBQWFOQ01FQXdEZ1lEVlIwUApBUUgvQkFRREFnS2tNQThHQTFVZEV3RUIvd1FGTUFNQkFmOHdIUVlEVlIwT0JCWUVGQmR2SU42a2lQL3dSK3BGCjlBZlV3MU9WVnlXRk1BMEdDU3FHU0liM0RRRUJDd1VBQTRJQ0FRQUtNaDZ2anVnTkg2VmcwREVscGJ4WmFWMzcKR1VzUWhnaVVlQ21jcktCQjgxRERVUXdrZVhMelBzeHNrN083cWdNd3FqWnYwV09objhGNHFWWU00YjNTeGdydgo0b29CZTExRExneGJkZ1k1L2RobFFJVmZCZWFGQkJqMHg3VDkzYVhTcmZNYWhUM3Y4R3NjL2QyL0IxUExMc2NaCnNiUjNwd3F5K05ydHlZTWdXOGtQV0JvUkZZcDhseFFxaXo4aTFjMEpmaWdYRHhQMFl4NEhzMEdNNnozODQyeUIKT3RMWWNUcGU1UHVXMzVnaFBaTTFHVnF0a1MrQ3JtSmMvY3ZpMFZZZXVrdzZOTkhXRVhZRmxKeDNqWExUK2dFVQpmbWlPS2tIZDlFeFNEQVpCMWNFUmhXZ2RMZFJlNXdTZk9RRDFMbkxEK2dQWEgvNWpudVRSWS9YZ2VTRXZxS0piCllsMjc3V1p4K3NBZXVmeGNOYW1CNDhJVmV0RjdQM3RqRENrY2pDb25UM3dzVjQwTlFGVWRtVnJaM3E0ejVQd0MKL21DeEdWY2VXOUF5WHRMQ21IN0IvMmlzemVGUjg1U3lLWWdLM2ZHTHRTeXJELzQwZ0NTekw0K3BkbTVOdksxVwo3T3V1K3RKb3VNSStrRis4MW5JTGpOWDFLWmNTVG5nSmt1ZUZyQmwxNnoyQ1dkeGcyeEVXMmx6NFdNaGRvam1YCmZPWWZQRTd1YU8xZUNIUXBQb1pDWEVoRW9ieS9aZmFzRFBtS3hUOGdzb2ZNR2dQeW0rYUhZRm1DcDFmRTlVdEYKa1A5MTBRUWJVdStkR3cxaStiTDI3L3RkN2NieERBRkt5cVRCOW9zTTlDU2NNdW1kQmdNcjhnc3VHQUhtRUV3egpKT0JZdG02OVVYMzFpaTlBWVE9PQotLS0tLUVORCBDRVJUSUZJQ0FURS0tLS0tCg==\n    server: https://eel-38698-aks-s25yd4p3.hcp.canadacentral.azmk8s.io:443\n  name: eel-38698-aks\ncontexts:\n- context:\n    cluster: eel-38698-aks\n    user: clusterUser_eel-38698-aks_rg_eel-38698-aks\n  name: eel-38698-aks\ncurrent-context: eel-38698-aks\nkind: Config\npreferences: {}\nusers:\n- name: clusterUser_eel-38698-aks_rg_eel-38698-aks\n  user:\n    exec:\n      apiVersion: client.authentication.k8s.io/v1beta1\n      args:\n      - get-token\n      - --environment\n      - AzurePublicCloud\n      - --server-id\n      - 6dae42f8-4368-4678-94ff-3960e28e3630\n      - --client-id\n      - 80faf920-1908-4b52-b5ef-a8e7bedfc67a\n      - --tenant-id\n      - 16b3c013-d300-468d-ac64-7eda0820b6d3\n      - --login\n      - devicecode\n      command: kubelogin\n      env: null\n      installHint: |2\n\n        kubelogin is not installed which is required to connect to AAD enabled cluster.\n\n        To learn more, please go to https://aka.ms/aks/kubelogin\n      provideClusterInfo: false\n",
            "kubelet_identity": [
              {
                "client_id": "8b3f66e5-3a99-47b4-a9f9-f327a00fdafc",
                "object_id": "6af4d85d-7f3d-4314-bfea-43724a3811d4",
                "user_assigned_identity_id": "/subscriptions/ccfc5dda-43af-4b5e-8cc2-1dda18f2382e/resourceGroups/eel-38698-aks_rg/providers/Microsoft.ManagedIdentity/userAssignedIdentities/eel-38698-aks-kubelet-identity"
              }
            ],
            "kubernetes_version": "1.30",
            "linux_profile": [
              {
                "admin_username": "manager",
                "ssh_key": [
                  {
                    "key_data": "ssh-rsa AAAAB3NzaC1yc2EAAAADAQABAAACAQD3lrARRLIlXaEoboGZ4KznIhXF4x6Q8ragmd1TcE+1MA/xNlWGAF+tAHvHV5YSdxuLoJ0i8s+mwNtWZ3jvIWO46Z9Z9+OTweO4mJaUIssZ93YGAheqHb+BE8xQQ/p8kTEpUQxE6Yi6EpwXGMn+Xo7urqcD8hhs9+Ff7vHvINhvfK6wKNkPoiBbMRI7vP6Ba1maIH4qOtWLnrqDs6NskKaEF7LacUtyVqj940yRTrNsMBKLOa8y45vlYMIaqYO+u+MSWB8y7Rmv43uAy85ADn8GrlwVYl3evP4STzUHHDstxLR15QX3/UsSu153c4+BWpgvJZTI0BZ80SLE4CQ05lLK2n3IFrNUpaOMj//3Nwkx9sbLAJafGHZ3vzVCHUeCFSaoelbDqA8YM9Cc2Zh+5VKml8ne4tnHfA1V5ciJZhSTtBv8GJT13LA/z8VQE1t5E6B805KLPi1BeuOc4jN0YrwnlEb5G8AS4eq1mP+RBRVXtTU6VD0ZZTeYxdKgBeCIXa//+t+RcYgm8NpJEqEvBatJbiJ/cTvABb2nI/eRZArKAIcEIyVpY0dpUoJxkVsOlqnhONg7EjdUavrQ6PtBVUEdbMWReboDbU+kckEHXR3k6SCwHfvF/budRhO8vMc1wo89lBp3VrUetHX9YxgNsKEyBITDv0JlLlvbShxxoeKEEw==\n"
                  }
                ]
              }
            ],
            "local_account_disabled": true,
            "location": "canadacentral",
            "maintenance_window": [],
            "maintenance_window_auto_upgrade": [
              {
                "day_of_month": 0,
                "day_of_week": "Friday",
                "duration": 4,
                "frequency": "Weekly",
                "interval": 1,
                "not_allowed": [],
                "start_date": "2024-10-10T00:00:00Z",
                "start_time": "20:00",
                "utc_offset": "-06:00",
                "week_index": ""
              }
            ],
            "maintenance_window_node_os": [
              {
                "day_of_month": 0,
                "day_of_week": "Saturday",
                "duration": 4,
                "frequency": "Weekly",
                "interval": 1,
                "not_allowed": [],
                "start_date": "2024-10-10T00:00:00Z",
                "start_time": "20:00",
                "utc_offset": "-06:00",
                "week_index": ""
              }
            ],
            "microsoft_defender": [
              {
                "log_analytics_workspace_id": "/subscriptions/ccfc5dda-43af-4b5e-8cc2-1dda18f2382e/resourceGroups/eel-38698-monitor_rg/providers/Microsoft.OperationalInsights/workspaces/eel-38698-logs"
              }
            ],
            "monitor_metrics": [
              {
                "annotations_allowed": "",
                "labels_allowed": ""
              }
            ],
            "name": "eel-38698-aks",
            "network_profile": [
              {
                "dns_service_ip": "100.70.0.10",
                "ip_versions": [
                  "IPv4"
                ],
                "load_balancer_profile": [
                  {
                    "effective_outbound_ips": [],
                    "idle_timeout_in_minutes": 0,
                    "managed_outbound_ip_count": 0,
                    "managed_outbound_ipv6_count": 0,
                    "outbound_ip_address_ids": [],
                    "outbound_ip_prefix_ids": [],
                    "outbound_ports_allocated": 0
                  }
                ],
                "load_balancer_sku": "standard",
                "nat_gateway_profile": [],
                "network_data_plane": "cilium",
                "network_mode": "",
                "network_plugin": "azure",
                "network_plugin_mode": "overlay",
                "network_policy": "cilium",
                "outbound_type": "userAssignedNATGateway",
                "pod_cidr": "100.125.0.0/16",
                "pod_cidrs": [
                  "100.125.0.0/16"
                ],
                "service_cidr": "100.70.0.0/16",
                "service_cidrs": [
                  "100.70.0.0/16"
                ]
              }
            ],
            "node_os_upgrade_channel": "SecurityPatch",
            "node_resource_group": "eel-38698-aks_nodes_rg",
            "node_resource_group_id": "/subscriptions/ccfc5dda-43af-4b5e-8cc2-1dda18f2382e/resourceGroups/eel-38698-aks_nodes_rg",
            "oidc_issuer_enabled": true,
            "oidc_issuer_url": "https://canadacentral.oic.prod-aks.azure.com/16b3c013-d300-468d-ac64-7eda0820b6d3/39937247-68de-4ae1-9a1a-eaea5dbb57fb/",
            "oms_agent": [
              {
                "log_analytics_workspace_id": "/subscriptions/ccfc5dda-43af-4b5e-8cc2-1dda18f2382e/resourceGroups/eel-38698-monitor_rg/providers/Microsoft.OperationalInsights/workspaces/eel-38698-logs",
                "msi_auth_for_monitoring_enabled": false,
                "oms_agent_identity": [
                  {
                    "client_id": "d176eab5-7d98-4881-9bea-8e222f2530ea",
                    "object_id": "b441a1a4-834a-4a4f-a165-5d9d9a2b4ae4",
                    "user_assigned_identity_id": "/subscriptions/ccfc5dda-43af-4b5e-8cc2-1dda18f2382e/resourcegroups/eel-38698-aks_nodes_rg/providers/Microsoft.ManagedIdentity/userAssignedIdentities/omsagent-eel-38698-aks"
                  }
                ]
              }
            ],
            "open_service_mesh_enabled": false,
            "portal_fqdn": "eel-38698-aks-s25yd4p3.portal.hcp.canadacentral.azmk8s.io",
            "private_cluster_enabled": false,
            "private_cluster_public_fqdn_enabled": false,
            "private_dns_zone_id": "",
            "private_fqdn": "",
            "resource_group_name": "eel-38698-aks_rg",
            "role_based_access_control_enabled": true,
            "run_command_enabled": false,
            "service_mesh_profile": [],
            "service_principal": [],
            "sku_tier": "Standard",
            "storage_profile": [
              {
                "blob_driver_enabled": true,
                "disk_driver_enabled": true,
                "file_driver_enabled": true,
                "snapshot_controller_enabled": true
              }
            ],
            "support_plan": "KubernetesOfficial",
            "tags": null,
            "timeouts": null,
            "web_app_routing": [],
            "windows_profile": [
              {
                "admin_password": "",
                "admin_username": "azureuser",
                "gmsa": [],
                "license": ""
              }
            ],
            "workload_autoscaler_profile": [
              {
                "keda_enabled": true,
                "vertical_pod_autoscaler_enabled": false
              }
            ],
            "workload_identity_enabled": true
          },
          "sensitive_attributes": [],
          "private": "eyJlMmJmYjczMC1lY2FhLTExZTYtOGY4OC0zNDM2M2JjN2M0YzAiOnsiY3JlYXRlIjo1NDAwMDAwMDAwMDAwLCJkZWxldGUiOjU0MDAwMDAwMDAwMDAsInJlYWQiOjMwMDAwMDAwMDAwMCwidXBkYXRlIjo1NDAwMDAwMDAwMDAwfSwic2NoZW1hX3ZlcnNpb24iOiIyIn0=",
          "dependencies": [
            "data.http.myip",
            "module.azure_monitor.azurerm_log_analytics_workspace.this",
            "module.azure_monitor.azurerm_resource_group.this",
            "module.cluster.azurerm_nat_gateway.this",
            "module.cluster.azurerm_public_ip.this",
            "module.cluster.azurerm_public_ip_prefix.this",
            "module.cluster.azurerm_resource_group.this",
            "module.cluster.azurerm_role_assignment.aks_role_assignemnt_msi",
            "module.cluster.azurerm_role_assignment.aks_role_assignemnt_network",
            "module.cluster.azurerm_subnet.nodes",
            "module.cluster.azurerm_subnet_nat_gateway_association.nodes",
            "module.cluster.azurerm_user_assigned_identity.aks_identity",
            "module.cluster.azurerm_user_assigned_identity.aks_kubelet_identity",
            "module.cluster.azurerm_virtual_network.this",
            "module.cluster.data.azurerm_client_config.current",
            "module.cluster.random_integer.pod_cidr",
            "module.cluster.random_integer.services_cidr",
            "module.cluster.random_integer.vnet_cidr",
            "random_id.this",
            "random_pet.this",
            "tls_private_key.rsa"
          ]
        }
      ]
    },
    {
      "module": "module.cluster",
      "mode": "managed",
      "type": "azurerm_monitor_diagnostic_setting",
      "name": "aks",
      "provider": "provider[\"registry.terraform.io/hashicorp/azurerm\"]",
      "instances": [
        {
          "schema_version": 0,
          "attributes": {
            "enabled_log": [
              {
                "category": "cluster-autoscaler",
                "category_group": "",
                "retention_policy": []
              },
              {
                "category": "guard",
                "category_group": "",
                "retention_policy": []
              },
              {
                "category": "kube-apiserver",
                "category_group": "",
                "retention_policy": []
              },
              {
                "category": "kube-audit",
                "category_group": "",
                "retention_policy": []
              },
              {
                "category": "kube-audit-admin",
                "category_group": "",
                "retention_policy": []
              },
              {
                "category": "kube-controller-manager",
                "category_group": "",
                "retention_policy": []
              },
              {
                "category": "kube-scheduler",
                "category_group": "",
                "retention_policy": []
              }
            ],
            "eventhub_authorization_rule_id": "",
            "eventhub_name": "",
            "id": "/subscriptions/ccfc5dda-43af-4b5e-8cc2-1dda18f2382e/resourceGroups/eel-38698-aks_rg/providers/Microsoft.ContainerService/managedClusters/eel-38698-aks|diag",
            "log_analytics_destination_type": "AzureDiagnostics",
            "log_analytics_workspace_id": "/subscriptions/ccfc5dda-43af-4b5e-8cc2-1dda18f2382e/resourceGroups/eel-38698-monitor_rg/providers/Microsoft.OperationalInsights/workspaces/eel-38698-logs",
            "metric": [
              {
                "category": "AllMetrics",
                "enabled": true,
                "retention_policy": []
              }
            ],
            "name": "diag",
            "partner_solution_id": null,
            "storage_account_id": null,
            "target_resource_id": "/subscriptions/ccfc5dda-43af-4b5e-8cc2-1dda18f2382e/resourceGroups/eel-38698-aks_rg/providers/Microsoft.ContainerService/managedClusters/eel-38698-aks",
            "timeouts": null
          },
          "sensitive_attributes": [],
          "private": "eyJlMmJmYjczMC1lY2FhLTExZTYtOGY4OC0zNDM2M2JjN2M0YzAiOnsiY3JlYXRlIjoxODAwMDAwMDAwMDAwLCJkZWxldGUiOjM2MDAwMDAwMDAwMDAsInJlYWQiOjMwMDAwMDAwMDAwMCwidXBkYXRlIjoxODAwMDAwMDAwMDAwfX0=",
          "dependencies": [
            "data.http.myip",
            "module.azure_monitor.azurerm_log_analytics_workspace.this",
            "module.azure_monitor.azurerm_resource_group.this",
            "module.cluster.azurerm_kubernetes_cluster.this",
            "module.cluster.azurerm_nat_gateway.this",
            "module.cluster.azurerm_public_ip.this",
            "module.cluster.azurerm_public_ip_prefix.this",
            "module.cluster.azurerm_resource_group.this",
            "module.cluster.azurerm_role_assignment.aks_role_assignemnt_msi",
            "module.cluster.azurerm_role_assignment.aks_role_assignemnt_network",
            "module.cluster.azurerm_subnet.nodes",
            "module.cluster.azurerm_subnet_nat_gateway_association.nodes",
            "module.cluster.azurerm_user_assigned_identity.aks_identity",
            "module.cluster.azurerm_user_assigned_identity.aks_kubelet_identity",
            "module.cluster.azurerm_virtual_network.this",
            "module.cluster.data.azurerm_client_config.current",
            "module.cluster.random_integer.pod_cidr",
            "module.cluster.random_integer.services_cidr",
            "module.cluster.random_integer.vnet_cidr",
            "random_id.this",
            "random_pet.this",
            "tls_private_key.rsa"
          ]
        }
      ]
    },
    {
      "module": "module.cluster",
      "mode": "managed",
      "type": "azurerm_nat_gateway",
      "name": "this",
      "provider": "provider[\"registry.terraform.io/hashicorp/azurerm\"]",
      "instances": [
        {
          "schema_version": 0,
          "attributes": {
            "id": "/subscriptions/ccfc5dda-43af-4b5e-8cc2-1dda18f2382e/resourceGroups/eel-38698-aks_rg/providers/Microsoft.Network/natGateways/eel-38698-nat",
            "idle_timeout_in_minutes": 10,
            "location": "canadacentral",
            "name": "eel-38698-nat",
            "resource_group_name": "eel-38698-aks_rg",
            "resource_guid": "c71ea716-000e-4bcc-8d51-bdadd801a780",
            "sku_name": "Standard",
            "tags": null,
            "timeouts": null,
            "zones": null
          },
          "sensitive_attributes": [],
          "private": "eyJlMmJmYjczMC1lY2FhLTExZTYtOGY4OC0zNDM2M2JjN2M0YzAiOnsiY3JlYXRlIjozNjAwMDAwMDAwMDAwLCJkZWxldGUiOjM2MDAwMDAwMDAwMDAsInJlYWQiOjMwMDAwMDAwMDAwMCwidXBkYXRlIjozNjAwMDAwMDAwMDAwfX0=",
          "dependencies": [
            "module.cluster.azurerm_resource_group.this",
            "random_id.this",
            "random_pet.this"
          ]
        }
      ]
    },
    {
      "module": "module.cluster",
      "mode": "managed",
      "type": "azurerm_nat_gateway_public_ip_association",
      "name": "this",
      "provider": "provider[\"registry.terraform.io/hashicorp/azurerm\"]",
      "instances": [
        {
          "schema_version": 0,
          "attributes": {
            "id": "/subscriptions/ccfc5dda-43af-4b5e-8cc2-1dda18f2382e/resourceGroups/eel-38698-aks_rg/providers/Microsoft.Network/natGateways/eel-38698-nat|/subscriptions/ccfc5dda-43af-4b5e-8cc2-1dda18f2382e/resourceGroups/eel-38698-aks_rg/providers/Microsoft.Network/publicIPAddresses/eel-38698-nat-pip",
            "nat_gateway_id": "/subscriptions/ccfc5dda-43af-4b5e-8cc2-1dda18f2382e/resourceGroups/eel-38698-aks_rg/providers/Microsoft.Network/natGateways/eel-38698-nat",
            "public_ip_address_id": "/subscriptions/ccfc5dda-43af-4b5e-8cc2-1dda18f2382e/resourceGroups/eel-38698-aks_rg/providers/Microsoft.Network/publicIPAddresses/eel-38698-nat-pip",
            "timeouts": null
          },
          "sensitive_attributes": [],
          "private": "eyJlMmJmYjczMC1lY2FhLTExZTYtOGY4OC0zNDM2M2JjN2M0YzAiOnsiY3JlYXRlIjoxODAwMDAwMDAwMDAwLCJkZWxldGUiOjE4MDAwMDAwMDAwMDAsInJlYWQiOjMwMDAwMDAwMDAwMH19",
          "dependencies": [
            "module.cluster.azurerm_nat_gateway.this",
            "module.cluster.azurerm_public_ip.this",
            "module.cluster.azurerm_resource_group.this",
            "random_id.this",
            "random_pet.this"
          ]
        }
      ]
    },
    {
      "module": "module.cluster",
      "mode": "managed",
      "type": "azurerm_nat_gateway_public_ip_prefix_association",
      "name": "this",
      "provider": "provider[\"registry.terraform.io/hashicorp/azurerm\"]",
      "instances": [
        {
          "schema_version": 0,
          "attributes": {
            "id": "/subscriptions/ccfc5dda-43af-4b5e-8cc2-1dda18f2382e/resourceGroups/eel-38698-aks_rg/providers/Microsoft.Network/natGateways/eel-38698-nat|/subscriptions/ccfc5dda-43af-4b5e-8cc2-1dda18f2382e/resourceGroups/eel-38698-aks_rg/providers/Microsoft.Network/publicIPPrefixes/eel-38698-nat-pip-prefix",
            "nat_gateway_id": "/subscriptions/ccfc5dda-43af-4b5e-8cc2-1dda18f2382e/resourceGroups/eel-38698-aks_rg/providers/Microsoft.Network/natGateways/eel-38698-nat",
            "public_ip_prefix_id": "/subscriptions/ccfc5dda-43af-4b5e-8cc2-1dda18f2382e/resourceGroups/eel-38698-aks_rg/providers/Microsoft.Network/publicIPPrefixes/eel-38698-nat-pip-prefix",
            "timeouts": null
          },
          "sensitive_attributes": [],
          "private": "eyJlMmJmYjczMC1lY2FhLTExZTYtOGY4OC0zNDM2M2JjN2M0YzAiOnsiY3JlYXRlIjoxODAwMDAwMDAwMDAwLCJkZWxldGUiOjE4MDAwMDAwMDAwMDAsInJlYWQiOjMwMDAwMDAwMDAwMH19",
          "dependencies": [
            "module.cluster.azurerm_nat_gateway.this",
            "module.cluster.azurerm_public_ip_prefix.this",
            "module.cluster.azurerm_resource_group.this",
            "random_id.this",
            "random_pet.this"
          ]
        }
      ]
    },
    {
      "module": "module.cluster",
      "mode": "managed",
      "type": "azurerm_network_security_group",
      "name": "this",
      "provider": "provider[\"registry.terraform.io/hashicorp/azurerm\"]",
      "instances": [
        {
          "schema_version": 0,
          "attributes": {
            "id": "/subscriptions/ccfc5dda-43af-4b5e-8cc2-1dda18f2382e/resourceGroups/eel-38698-aks_rg/providers/Microsoft.Network/networkSecurityGroups/eel-38698-default-nsg",
            "location": "canadacentral",
            "name": "eel-38698-default-nsg",
            "resource_group_name": "eel-38698-aks_rg",
            "security_rule": [],
            "tags": null,
            "timeouts": null
          },
          "sensitive_attributes": [],
          "private": "eyJlMmJmYjczMC1lY2FhLTExZTYtOGY4OC0zNDM2M2JjN2M0YzAiOnsiY3JlYXRlIjoxODAwMDAwMDAwMDAwLCJkZWxldGUiOjE4MDAwMDAwMDAwMDAsInJlYWQiOjMwMDAwMDAwMDAwMCwidXBkYXRlIjoxODAwMDAwMDAwMDAwfX0=",
          "dependencies": [
            "module.cluster.azurerm_resource_group.this",
            "random_id.this",
            "random_pet.this"
          ]
        }
      ]
    },
    {
      "module": "module.cluster",
      "mode": "managed",
      "type": "azurerm_public_ip",
      "name": "this",
      "provider": "provider[\"registry.terraform.io/hashicorp/azurerm\"]",
      "instances": [
        {
          "schema_version": 0,
          "attributes": {
            "allocation_method": "Static",
            "ddos_protection_mode": "VirtualNetworkInherited",
            "ddos_protection_plan_id": null,
            "domain_name_label": null,
            "edge_zone": "",
            "fqdn": null,
            "id": "/subscriptions/ccfc5dda-43af-4b5e-8cc2-1dda18f2382e/resourceGroups/eel-38698-aks_rg/providers/Microsoft.Network/publicIPAddresses/eel-38698-nat-pip",
            "idle_timeout_in_minutes": 4,
            "ip_address": "4.205.193.133",
            "ip_tags": null,
            "ip_version": "IPv4",
            "location": "canadacentral",
            "name": "eel-38698-nat-pip",
            "public_ip_prefix_id": null,
            "resource_group_name": "eel-38698-aks_rg",
            "reverse_fqdn": null,
            "sku": "Standard",
            "sku_tier": "Regional",
            "tags": null,
            "timeouts": null,
            "zones": null
          },
          "sensitive_attributes": [],
          "private": "eyJlMmJmYjczMC1lY2FhLTExZTYtOGY4OC0zNDM2M2JjN2M0YzAiOnsiY3JlYXRlIjoxODAwMDAwMDAwMDAwLCJkZWxldGUiOjE4MDAwMDAwMDAwMDAsInJlYWQiOjMwMDAwMDAwMDAwMCwidXBkYXRlIjoxODAwMDAwMDAwMDAwfX0=",
          "dependencies": [
            "module.cluster.azurerm_resource_group.this",
            "random_id.this",
            "random_pet.this"
          ]
        }
      ]
    },
    {
      "module": "module.cluster",
      "mode": "managed",
      "type": "azurerm_public_ip_prefix",
      "name": "this",
      "provider": "provider[\"registry.terraform.io/hashicorp/azurerm\"]",
      "instances": [
        {
          "schema_version": 0,
          "attributes": {
            "id": "/subscriptions/ccfc5dda-43af-4b5e-8cc2-1dda18f2382e/resourceGroups/eel-38698-aks_rg/providers/Microsoft.Network/publicIPPrefixes/eel-38698-nat-pip-prefix",
            "ip_prefix": "20.63.33.40/30",
            "ip_version": "IPv4",
            "location": "canadacentral",
            "name": "eel-38698-nat-pip-prefix",
            "prefix_length": 30,
            "resource_group_name": "eel-38698-aks_rg",
            "sku": "Standard",
            "tags": null,
            "timeouts": null,
            "zones": null
          },
          "sensitive_attributes": [],
          "private": "eyJlMmJmYjczMC1lY2FhLTExZTYtOGY4OC0zNDM2M2JjN2M0YzAiOnsiY3JlYXRlIjoxODAwMDAwMDAwMDAwLCJkZWxldGUiOjE4MDAwMDAwMDAwMDAsInJlYWQiOjMwMDAwMDAwMDAwMCwidXBkYXRlIjoxODAwMDAwMDAwMDAwfX0=",
          "dependencies": [
            "module.cluster.azurerm_resource_group.this",
            "random_id.this",
            "random_pet.this"
          ]
        }
      ]
    },
    {
      "module": "module.cluster",
      "mode": "managed",
      "type": "azurerm_resource_group",
      "name": "this",
      "provider": "provider[\"registry.terraform.io/hashicorp/azurerm\"]",
      "instances": [
        {
          "schema_version": 0,
          "attributes": {
            "id": "/subscriptions/ccfc5dda-43af-4b5e-8cc2-1dda18f2382e/resourceGroups/eel-38698-aks_rg",
            "location": "canadacentral",
            "managed_by": "",
            "name": "eel-38698-aks_rg",
            "tags": {
              "Application": "Basic AKS Cluster to learn Istio",
              "Components": "AKS; Virtual Network; NSG",
              "DeployedOn": "2024-10-10T14:06:21Z",
              "Environment": "dev"
            },
            "timeouts": null
          },
          "sensitive_attributes": [],
          "private": "eyJlMmJmYjczMC1lY2FhLTExZTYtOGY4OC0zNDM2M2JjN2M0YzAiOnsiY3JlYXRlIjo1NDAwMDAwMDAwMDAwLCJkZWxldGUiOjU0MDAwMDAwMDAwMDAsInJlYWQiOjMwMDAwMDAwMDAwMCwidXBkYXRlIjo1NDAwMDAwMDAwMDAwfX0=",
          "dependencies": [
            "random_id.this",
            "random_pet.this"
          ]
        }
      ]
    },
    {
      "module": "module.cluster",
      "mode": "managed",
      "type": "azurerm_role_assignment",
      "name": "aks_role_assignemnt_msi",
      "provider": "provider[\"registry.terraform.io/hashicorp/azurerm\"]",
      "instances": [
        {
          "schema_version": 0,
          "attributes": {
            "condition": "",
            "condition_version": "",
            "delegated_managed_identity_resource_id": "",
            "description": "",
            "id": "/subscriptions/ccfc5dda-43af-4b5e-8cc2-1dda18f2382e/resourceGroups/eel-38698-aks_rg/providers/Microsoft.ManagedIdentity/userAssignedIdentities/eel-38698-aks-kubelet-identity/providers/Microsoft.Authorization/roleAssignments/014b9b25-ef7d-6d65-fb13-f028ce3cdd85",
            "name": "014b9b25-ef7d-6d65-fb13-f028ce3cdd85",
            "principal_id": "1807d16c-3d2b-465f-8f6b-05212b59f5f9",
            "principal_type": "ServicePrincipal",
            "role_definition_id": "/subscriptions/ccfc5dda-43af-4b5e-8cc2-1dda18f2382e/providers/Microsoft.Authorization/roleDefinitions/f1a07417-d97a-45cb-824c-7a7467783830",
            "role_definition_name": "Managed Identity Operator",
            "scope": "/subscriptions/ccfc5dda-43af-4b5e-8cc2-1dda18f2382e/resourceGroups/eel-38698-aks_rg/providers/Microsoft.ManagedIdentity/userAssignedIdentities/eel-38698-aks-kubelet-identity",
            "skip_service_principal_aad_check": true,
            "timeouts": null
          },
          "sensitive_attributes": [],
          "private": "eyJlMmJmYjczMC1lY2FhLTExZTYtOGY4OC0zNDM2M2JjN2M0YzAiOnsiY3JlYXRlIjoxODAwMDAwMDAwMDAwLCJkZWxldGUiOjE4MDAwMDAwMDAwMDAsInJlYWQiOjMwMDAwMDAwMDAwMH19",
          "dependencies": [
            "module.cluster.azurerm_resource_group.this",
            "module.cluster.azurerm_user_assigned_identity.aks_identity",
            "module.cluster.azurerm_user_assigned_identity.aks_kubelet_identity",
            "random_id.this",
            "random_pet.this"
          ]
        }
      ]
    },
    {
      "module": "module.cluster",
      "mode": "managed",
      "type": "azurerm_role_assignment",
      "name": "aks_role_assignemnt_network",
      "provider": "provider[\"registry.terraform.io/hashicorp/azurerm\"]",
      "instances": [
        {
          "schema_version": 0,
          "attributes": {
            "condition": "",
            "condition_version": "",
            "delegated_managed_identity_resource_id": "",
            "description": "",
            "id": "/subscriptions/ccfc5dda-43af-4b5e-8cc2-1dda18f2382e/resourceGroups/eel-38698-aks_rg/providers/Microsoft.Network/virtualNetworks/eel-38698-network/providers/Microsoft.Authorization/roleAssignments/147f7295-f7ef-6c88-00af-36dec5c21390",
            "name": "147f7295-f7ef-6c88-00af-36dec5c21390",
            "principal_id": "1807d16c-3d2b-465f-8f6b-05212b59f5f9",
            "principal_type": "ServicePrincipal",
            "role_definition_id": "/subscriptions/ccfc5dda-43af-4b5e-8cc2-1dda18f2382e/providers/Microsoft.Authorization/roleDefinitions/4d97b98b-1d4f-4787-a291-c67834d212e7",
            "role_definition_name": "Network Contributor",
            "scope": "/subscriptions/ccfc5dda-43af-4b5e-8cc2-1dda18f2382e/resourceGroups/eel-38698-aks_rg/providers/Microsoft.Network/virtualNetworks/eel-38698-network",
            "skip_service_principal_aad_check": true,
            "timeouts": null
          },
          "sensitive_attributes": [],
          "private": "eyJlMmJmYjczMC1lY2FhLTExZTYtOGY4OC0zNDM2M2JjN2M0YzAiOnsiY3JlYXRlIjoxODAwMDAwMDAwMDAwLCJkZWxldGUiOjE4MDAwMDAwMDAwMDAsInJlYWQiOjMwMDAwMDAwMDAwMH19",
          "dependencies": [
            "module.cluster.azurerm_resource_group.this",
            "module.cluster.azurerm_user_assigned_identity.aks_identity",
            "module.cluster.azurerm_virtual_network.this",
            "module.cluster.random_integer.vnet_cidr",
            "random_id.this",
            "random_pet.this"
          ]
        }
      ]
    },
    {
      "module": "module.cluster",
      "mode": "managed",
      "type": "azurerm_subnet",
      "name": "compute",
      "provider": "provider[\"registry.terraform.io/hashicorp/azurerm\"]",
      "instances": [
        {
          "schema_version": 0,
          "attributes": {
            "address_prefixes": [
              "10.23.10.0/24"
            ],
            "default_outbound_access_enabled": false,
            "delegation": [],
            "id": "/subscriptions/ccfc5dda-43af-4b5e-8cc2-1dda18f2382e/resourceGroups/eel-38698-aks_rg/providers/Microsoft.Network/virtualNetworks/eel-38698-network/subnets/compute",
            "name": "compute",
            "private_endpoint_network_policies": "Enabled",
            "private_link_service_network_policies_enabled": false,
            "resource_group_name": "eel-38698-aks_rg",
            "service_endpoint_policy_ids": null,
            "service_endpoints": null,
            "timeouts": null,
            "virtual_network_name": "eel-38698-network"
          },
          "sensitive_attributes": [],
          "private": "eyJlMmJmYjczMC1lY2FhLTExZTYtOGY4OC0zNDM2M2JjN2M0YzAiOnsiY3JlYXRlIjoxODAwMDAwMDAwMDAwLCJkZWxldGUiOjE4MDAwMDAwMDAwMDAsInJlYWQiOjMwMDAwMDAwMDAwMCwidXBkYXRlIjoxODAwMDAwMDAwMDAwfX0=",
          "dependencies": [
            "module.cluster.azurerm_resource_group.this",
            "module.cluster.azurerm_virtual_network.this",
            "module.cluster.random_integer.vnet_cidr",
            "random_id.this",
            "random_pet.this"
          ]
        }
      ]
    },
    {
      "module": "module.cluster",
      "mode": "managed",
      "type": "azurerm_subnet",
      "name": "nodes",
      "provider": "provider[\"registry.terraform.io/hashicorp/azurerm\"]",
      "instances": [
        {
          "schema_version": 0,
          "attributes": {
            "address_prefixes": [
              "10.23.3.0/24"
            ],
            "default_outbound_access_enabled": false,
            "delegation": [],
            "id": "/subscriptions/ccfc5dda-43af-4b5e-8cc2-1dda18f2382e/resourceGroups/eel-38698-aks_rg/providers/Microsoft.Network/virtualNetworks/eel-38698-network/subnets/nodes",
            "name": "nodes",
            "private_endpoint_network_policies": "Disabled",
            "private_link_service_network_policies_enabled": true,
            "resource_group_name": "eel-38698-aks_rg",
            "service_endpoint_policy_ids": null,
            "service_endpoints": null,
            "timeouts": null,
            "virtual_network_name": "eel-38698-network"
          },
          "sensitive_attributes": [],
          "private": "eyJlMmJmYjczMC1lY2FhLTExZTYtOGY4OC0zNDM2M2JjN2M0YzAiOnsiY3JlYXRlIjoxODAwMDAwMDAwMDAwLCJkZWxldGUiOjE4MDAwMDAwMDAwMDAsInJlYWQiOjMwMDAwMDAwMDAwMCwidXBkYXRlIjoxODAwMDAwMDAwMDAwfX0=",
          "dependencies": [
            "module.cluster.azurerm_resource_group.this",
            "module.cluster.azurerm_virtual_network.this",
            "module.cluster.random_integer.vnet_cidr",
            "random_id.this",
            "random_pet.this"
          ]
        }
      ]
    },
    {
      "module": "module.cluster",
      "mode": "managed",
      "type": "azurerm_subnet",
      "name": "pe",
      "provider": "provider[\"registry.terraform.io/hashicorp/azurerm\"]",
      "instances": [
        {
          "schema_version": 0,
          "attributes": {
            "address_prefixes": [
              "10.23.1.0/24"
            ],
            "default_outbound_access_enabled": false,
            "delegation": [],
            "id": "/subscriptions/ccfc5dda-43af-4b5e-8cc2-1dda18f2382e/resourceGroups/eel-38698-aks_rg/providers/Microsoft.Network/virtualNetworks/eel-38698-network/subnets/private-endpoints",
            "name": "private-endpoints",
            "private_endpoint_network_policies": "Disabled",
            "private_link_service_network_policies_enabled": true,
            "resource_group_name": "eel-38698-aks_rg",
            "service_endpoint_policy_ids": null,
            "service_endpoints": null,
            "timeouts": null,
            "virtual_network_name": "eel-38698-network"
          },
          "sensitive_attributes": [],
          "private": "eyJlMmJmYjczMC1lY2FhLTExZTYtOGY4OC0zNDM2M2JjN2M0YzAiOnsiY3JlYXRlIjoxODAwMDAwMDAwMDAwLCJkZWxldGUiOjE4MDAwMDAwMDAwMDAsInJlYWQiOjMwMDAwMDAwMDAwMCwidXBkYXRlIjoxODAwMDAwMDAwMDAwfX0=",
          "dependencies": [
            "module.cluster.azurerm_resource_group.this",
            "module.cluster.azurerm_virtual_network.this",
            "module.cluster.random_integer.vnet_cidr",
            "random_id.this",
            "random_pet.this"
          ]
        }
      ]
    },
    {
      "module": "module.cluster",
      "mode": "managed",
      "type": "azurerm_subnet_nat_gateway_association",
      "name": "nodes",
      "provider": "provider[\"registry.terraform.io/hashicorp/azurerm\"]",
      "instances": [
        {
          "schema_version": 0,
          "attributes": {
            "id": "/subscriptions/ccfc5dda-43af-4b5e-8cc2-1dda18f2382e/resourceGroups/eel-38698-aks_rg/providers/Microsoft.Network/virtualNetworks/eel-38698-network/subnets/nodes",
            "nat_gateway_id": "/subscriptions/ccfc5dda-43af-4b5e-8cc2-1dda18f2382e/resourceGroups/eel-38698-aks_rg/providers/Microsoft.Network/natGateways/eel-38698-nat",
            "subnet_id": "/subscriptions/ccfc5dda-43af-4b5e-8cc2-1dda18f2382e/resourceGroups/eel-38698-aks_rg/providers/Microsoft.Network/virtualNetworks/eel-38698-network/subnets/nodes",
            "timeouts": null
          },
          "sensitive_attributes": [],
          "private": "eyJlMmJmYjczMC1lY2FhLTExZTYtOGY4OC0zNDM2M2JjN2M0YzAiOnsiY3JlYXRlIjoxODAwMDAwMDAwMDAwLCJkZWxldGUiOjE4MDAwMDAwMDAwMDAsInJlYWQiOjMwMDAwMDAwMDAwMH19",
          "dependencies": [
            "module.cluster.azurerm_nat_gateway.this",
            "module.cluster.azurerm_resource_group.this",
            "module.cluster.azurerm_subnet.nodes",
            "module.cluster.azurerm_virtual_network.this",
            "module.cluster.random_integer.vnet_cidr",
            "random_id.this",
            "random_pet.this"
          ]
        }
      ]
    },
    {
      "module": "module.cluster",
      "mode": "managed",
      "type": "azurerm_subnet_nat_gateway_association",
      "name": "pe",
      "provider": "provider[\"registry.terraform.io/hashicorp/azurerm\"]",
      "instances": [
        {
          "schema_version": 0,
          "attributes": {
            "id": "/subscriptions/ccfc5dda-43af-4b5e-8cc2-1dda18f2382e/resourceGroups/eel-38698-aks_rg/providers/Microsoft.Network/virtualNetworks/eel-38698-network/subnets/private-endpoints",
            "nat_gateway_id": "/subscriptions/ccfc5dda-43af-4b5e-8cc2-1dda18f2382e/resourceGroups/eel-38698-aks_rg/providers/Microsoft.Network/natGateways/eel-38698-nat",
            "subnet_id": "/subscriptions/ccfc5dda-43af-4b5e-8cc2-1dda18f2382e/resourceGroups/eel-38698-aks_rg/providers/Microsoft.Network/virtualNetworks/eel-38698-network/subnets/private-endpoints",
            "timeouts": null
          },
          "sensitive_attributes": [],
          "private": "eyJlMmJmYjczMC1lY2FhLTExZTYtOGY4OC0zNDM2M2JjN2M0YzAiOnsiY3JlYXRlIjoxODAwMDAwMDAwMDAwLCJkZWxldGUiOjE4MDAwMDAwMDAwMDAsInJlYWQiOjMwMDAwMDAwMDAwMH19",
          "dependencies": [
            "module.cluster.azurerm_nat_gateway.this",
            "module.cluster.azurerm_resource_group.this",
            "module.cluster.azurerm_subnet.pe",
            "module.cluster.azurerm_virtual_network.this",
            "module.cluster.random_integer.vnet_cidr",
            "random_id.this",
            "random_pet.this"
          ]
        }
      ]
    },
    {
      "module": "module.cluster",
      "mode": "managed",
      "type": "azurerm_subnet_nat_gateway_association",
      "name": "this",
      "provider": "provider[\"registry.terraform.io/hashicorp/azurerm\"]",
      "instances": [
        {
          "schema_version": 0,
          "attributes": {
            "id": "/subscriptions/ccfc5dda-43af-4b5e-8cc2-1dda18f2382e/resourceGroups/eel-38698-aks_rg/providers/Microsoft.Network/virtualNetworks/eel-38698-network/subnets/compute",
            "nat_gateway_id": "/subscriptions/ccfc5dda-43af-4b5e-8cc2-1dda18f2382e/resourceGroups/eel-38698-aks_rg/providers/Microsoft.Network/natGateways/eel-38698-nat",
            "subnet_id": "/subscriptions/ccfc5dda-43af-4b5e-8cc2-1dda18f2382e/resourceGroups/eel-38698-aks_rg/providers/Microsoft.Network/virtualNetworks/eel-38698-network/subnets/compute",
            "timeouts": null
          },
          "sensitive_attributes": [],
          "private": "eyJlMmJmYjczMC1lY2FhLTExZTYtOGY4OC0zNDM2M2JjN2M0YzAiOnsiY3JlYXRlIjoxODAwMDAwMDAwMDAwLCJkZWxldGUiOjE4MDAwMDAwMDAwMDAsInJlYWQiOjMwMDAwMDAwMDAwMH19",
          "dependencies": [
            "module.cluster.azurerm_nat_gateway.this",
            "module.cluster.azurerm_resource_group.this",
            "module.cluster.azurerm_subnet.compute",
            "module.cluster.azurerm_virtual_network.this",
            "module.cluster.random_integer.vnet_cidr",
            "random_id.this",
            "random_pet.this"
          ]
        }
      ]
    },
    {
      "module": "module.cluster",
      "mode": "managed",
      "type": "azurerm_subnet_network_security_group_association",
      "name": "compute",
      "provider": "provider[\"registry.terraform.io/hashicorp/azurerm\"]",
      "instances": [
        {
          "schema_version": 0,
          "attributes": {
            "id": "/subscriptions/ccfc5dda-43af-4b5e-8cc2-1dda18f2382e/resourceGroups/eel-38698-aks_rg/providers/Microsoft.Network/virtualNetworks/eel-38698-network/subnets/compute",
            "network_security_group_id": "/subscriptions/ccfc5dda-43af-4b5e-8cc2-1dda18f2382e/resourceGroups/eel-38698-aks_rg/providers/Microsoft.Network/networkSecurityGroups/eel-38698-default-nsg",
            "subnet_id": "/subscriptions/ccfc5dda-43af-4b5e-8cc2-1dda18f2382e/resourceGroups/eel-38698-aks_rg/providers/Microsoft.Network/virtualNetworks/eel-38698-network/subnets/compute",
            "timeouts": null
          },
          "sensitive_attributes": [],
          "private": "eyJlMmJmYjczMC1lY2FhLTExZTYtOGY4OC0zNDM2M2JjN2M0YzAiOnsiY3JlYXRlIjoxODAwMDAwMDAwMDAwLCJkZWxldGUiOjE4MDAwMDAwMDAwMDAsInJlYWQiOjMwMDAwMDAwMDAwMH19",
          "dependencies": [
            "module.cluster.azurerm_network_security_group.this",
            "module.cluster.azurerm_resource_group.this",
            "module.cluster.azurerm_subnet.compute",
            "module.cluster.azurerm_virtual_network.this",
            "module.cluster.random_integer.vnet_cidr",
            "random_id.this",
            "random_pet.this"
          ]
        }
      ]
    },
    {
      "module": "module.cluster",
      "mode": "managed",
      "type": "azurerm_subnet_network_security_group_association",
      "name": "nodes",
      "provider": "provider[\"registry.terraform.io/hashicorp/azurerm\"]",
      "instances": [
        {
          "schema_version": 0,
          "attributes": {
            "id": "/subscriptions/ccfc5dda-43af-4b5e-8cc2-1dda18f2382e/resourceGroups/eel-38698-aks_rg/providers/Microsoft.Network/virtualNetworks/eel-38698-network/subnets/nodes",
            "network_security_group_id": "/subscriptions/ccfc5dda-43af-4b5e-8cc2-1dda18f2382e/resourceGroups/eel-38698-aks_rg/providers/Microsoft.Network/networkSecurityGroups/eel-38698-default-nsg",
            "subnet_id": "/subscriptions/ccfc5dda-43af-4b5e-8cc2-1dda18f2382e/resourceGroups/eel-38698-aks_rg/providers/Microsoft.Network/virtualNetworks/eel-38698-network/subnets/nodes",
            "timeouts": null
          },
          "sensitive_attributes": [],
          "private": "eyJlMmJmYjczMC1lY2FhLTExZTYtOGY4OC0zNDM2M2JjN2M0YzAiOnsiY3JlYXRlIjoxODAwMDAwMDAwMDAwLCJkZWxldGUiOjE4MDAwMDAwMDAwMDAsInJlYWQiOjMwMDAwMDAwMDAwMH19",
          "dependencies": [
            "module.cluster.azurerm_network_security_group.this",
            "module.cluster.azurerm_resource_group.this",
            "module.cluster.azurerm_subnet.nodes",
            "module.cluster.azurerm_virtual_network.this",
            "module.cluster.random_integer.vnet_cidr",
            "random_id.this",
            "random_pet.this"
          ]
        }
      ]
    },
    {
      "module": "module.cluster",
      "mode": "managed",
      "type": "azurerm_subnet_network_security_group_association",
      "name": "pe",
      "provider": "provider[\"registry.terraform.io/hashicorp/azurerm\"]",
      "instances": [
        {
          "schema_version": 0,
          "attributes": {
            "id": "/subscriptions/ccfc5dda-43af-4b5e-8cc2-1dda18f2382e/resourceGroups/eel-38698-aks_rg/providers/Microsoft.Network/virtualNetworks/eel-38698-network/subnets/private-endpoints",
            "network_security_group_id": "/subscriptions/ccfc5dda-43af-4b5e-8cc2-1dda18f2382e/resourceGroups/eel-38698-aks_rg/providers/Microsoft.Network/networkSecurityGroups/eel-38698-default-nsg",
            "subnet_id": "/subscriptions/ccfc5dda-43af-4b5e-8cc2-1dda18f2382e/resourceGroups/eel-38698-aks_rg/providers/Microsoft.Network/virtualNetworks/eel-38698-network/subnets/private-endpoints",
            "timeouts": null
          },
          "sensitive_attributes": [],
          "private": "eyJlMmJmYjczMC1lY2FhLTExZTYtOGY4OC0zNDM2M2JjN2M0YzAiOnsiY3JlYXRlIjoxODAwMDAwMDAwMDAwLCJkZWxldGUiOjE4MDAwMDAwMDAwMDAsInJlYWQiOjMwMDAwMDAwMDAwMH19",
          "dependencies": [
            "module.cluster.azurerm_network_security_group.this",
            "module.cluster.azurerm_resource_group.this",
            "module.cluster.azurerm_subnet.pe",
            "module.cluster.azurerm_virtual_network.this",
            "module.cluster.random_integer.vnet_cidr",
            "random_id.this",
            "random_pet.this"
          ]
        }
      ]
    },
    {
      "module": "module.cluster",
      "mode": "managed",
      "type": "azurerm_user_assigned_identity",
      "name": "aks_identity",
      "provider": "provider[\"registry.terraform.io/hashicorp/azurerm\"]",
      "instances": [
        {
          "schema_version": 1,
          "attributes": {
            "client_id": "7dfedea0-17ba-405c-be2a-05d0bede86ce",
            "id": "/subscriptions/ccfc5dda-43af-4b5e-8cc2-1dda18f2382e/resourceGroups/eel-38698-aks_rg/providers/Microsoft.ManagedIdentity/userAssignedIdentities/eel-38698-aks-cluster-identity",
            "location": "canadacentral",
            "name": "eel-38698-aks-cluster-identity",
            "principal_id": "1807d16c-3d2b-465f-8f6b-05212b59f5f9",
            "resource_group_name": "eel-38698-aks_rg",
            "tags": null,
            "tenant_id": "16b3c013-d300-468d-ac64-7eda0820b6d3",
            "timeouts": null
          },
          "sensitive_attributes": [],
          "private": "eyJlMmJmYjczMC1lY2FhLTExZTYtOGY4OC0zNDM2M2JjN2M0YzAiOnsiY3JlYXRlIjoxODAwMDAwMDAwMDAwLCJkZWxldGUiOjE4MDAwMDAwMDAwMDAsInJlYWQiOjMwMDAwMDAwMDAwMCwidXBkYXRlIjoxODAwMDAwMDAwMDAwfSwic2NoZW1hX3ZlcnNpb24iOiIxIn0=",
          "dependencies": [
            "module.cluster.azurerm_resource_group.this",
            "random_id.this",
            "random_pet.this"
          ]
        }
      ]
    },
    {
      "module": "module.cluster",
      "mode": "managed",
      "type": "azurerm_user_assigned_identity",
      "name": "aks_kubelet_identity",
      "provider": "provider[\"registry.terraform.io/hashicorp/azurerm\"]",
      "instances": [
        {
          "schema_version": 1,
          "attributes": {
            "client_id": "8b3f66e5-3a99-47b4-a9f9-f327a00fdafc",
            "id": "/subscriptions/ccfc5dda-43af-4b5e-8cc2-1dda18f2382e/resourceGroups/eel-38698-aks_rg/providers/Microsoft.ManagedIdentity/userAssignedIdentities/eel-38698-aks-kubelet-identity",
            "location": "canadacentral",
            "name": "eel-38698-aks-kubelet-identity",
            "principal_id": "6af4d85d-7f3d-4314-bfea-43724a3811d4",
            "resource_group_name": "eel-38698-aks_rg",
            "tags": null,
            "tenant_id": "16b3c013-d300-468d-ac64-7eda0820b6d3",
            "timeouts": null
          },
          "sensitive_attributes": [],
          "private": "eyJlMmJmYjczMC1lY2FhLTExZTYtOGY4OC0zNDM2M2JjN2M0YzAiOnsiY3JlYXRlIjoxODAwMDAwMDAwMDAwLCJkZWxldGUiOjE4MDAwMDAwMDAwMDAsInJlYWQiOjMwMDAwMDAwMDAwMCwidXBkYXRlIjoxODAwMDAwMDAwMDAwfSwic2NoZW1hX3ZlcnNpb24iOiIxIn0=",
          "dependencies": [
            "module.cluster.azurerm_resource_group.this",
            "random_id.this",
            "random_pet.this"
          ]
        }
      ]
    },
    {
      "module": "module.cluster",
      "mode": "managed",
      "type": "azurerm_virtual_network",
      "name": "this",
      "provider": "provider[\"registry.terraform.io/hashicorp/azurerm\"]",
      "instances": [
        {
          "schema_version": 0,
          "attributes": {
            "address_space": [
              "10.23.0.0/16"
            ],
            "bgp_community": "",
            "ddos_protection_plan": [],
            "dns_servers": [],
            "edge_zone": "",
            "encryption": [],
            "flow_timeout_in_minutes": 0,
            "guid": "06d0283e-01c8-4566-86c8-395128f6f41c",
            "id": "/subscriptions/ccfc5dda-43af-4b5e-8cc2-1dda18f2382e/resourceGroups/eel-38698-aks_rg/providers/Microsoft.Network/virtualNetworks/eel-38698-network",
            "location": "canadacentral",
            "name": "eel-38698-network",
            "resource_group_name": "eel-38698-aks_rg",
            "subnet": [],
            "tags": null,
            "timeouts": null
          },
          "sensitive_attributes": [],
          "private": "eyJlMmJmYjczMC1lY2FhLTExZTYtOGY4OC0zNDM2M2JjN2M0YzAiOnsiY3JlYXRlIjoxODAwMDAwMDAwMDAwLCJkZWxldGUiOjE4MDAwMDAwMDAwMDAsInJlYWQiOjMwMDAwMDAwMDAwMCwidXBkYXRlIjoxODAwMDAwMDAwMDAwfX0=",
          "dependencies": [
            "module.cluster.azurerm_resource_group.this",
            "module.cluster.random_integer.vnet_cidr",
            "random_id.this",
            "random_pet.this"
          ]
        }
      ]
    },
    {
      "module": "module.cluster",
      "mode": "managed",
      "type": "random_integer",
      "name": "pod_cidr",
      "provider": "provider[\"registry.terraform.io/hashicorp/random\"]",
      "instances": [
        {
          "schema_version": 0,
          "attributes": {
            "id": "125",
            "keepers": null,
            "max": 127,
            "min": 100,
            "result": 125,
            "seed": null
          },
          "sensitive_attributes": []
        }
      ]
    },
    {
      "module": "module.cluster",
      "mode": "managed",
      "type": "random_integer",
      "name": "services_cidr",
      "provider": "provider[\"registry.terraform.io/hashicorp/random\"]",
      "instances": [
        {
          "schema_version": 0,
          "attributes": {
            "id": "70",
            "keepers": null,
            "max": 99,
            "min": 64,
            "result": 70,
            "seed": null
          },
          "sensitive_attributes": []
        }
      ]
    },
    {
      "module": "module.cluster",
      "mode": "managed",
      "type": "random_integer",
      "name": "vnet_cidr",
      "provider": "provider[\"registry.terraform.io/hashicorp/random\"]",
      "instances": [
        {
          "schema_version": 0,
          "attributes": {
            "id": "23",
            "keepers": null,
            "max": 250,
            "min": 10,
            "result": 23,
            "seed": null
          },
          "sensitive_attributes": []
        }
      ]
    }
  ],
  "check_results": null
}
